// !$*UTF8*$!
{
	archiveVersion = 1;
	classes = {
	};
	objectVersion = 46;
	objects = {

/* Begin PBXBuildFile section */
		4192D4131358EB1D00B2B5D7 /* InfoPlist.strings in Resources */ = {isa = PBXBuildFile; fileRef = 4192D4111358EB1D00B2B5D7 /* InfoPlist.strings */; };
		73D1B20A049A51C300C919A3 /* RectsView.h in Headers */ = {isa = PBXBuildFile; fileRef = 035E43ACFEEE2AEC7F000001 /* RectsView.h */; };
		73D1B20B049A51C300C919A3 /* ColorRect.h in Headers */ = {isa = PBXBuildFile; fileRef = 035E43ADFEEE2AEC7F000001 /* ColorRect.h */; };
		73D1B20C049A51C300C919A3 /* NestleView.h in Headers */ = {isa = PBXBuildFile; fileRef = 035E43AEFEEE2AEC7F000001 /* NestleView.h */; };
		73D1B20E049A51C300C919A3 /* Rulers.nib in Resources */ = {isa = PBXBuildFile; fileRef = 035E43B2FEEE2AEC7F000001 /* Rulers.nib */; };
		73D1B20F049A51C300C919A3 /* EdgeMarkerLeft.tiff in Resources */ = {isa = PBXBuildFile; fileRef = 035E43B5FEEE2AEC7F000001 /* EdgeMarkerLeft.tiff */; };
		73D1B210049A51C300C919A3 /* EdgeMarkerBottom.tiff in Resources */ = {isa = PBXBuildFile; fileRef = 035E43B6FEEE2AEC7F000001 /* EdgeMarkerBottom.tiff */; };
		73D1B211049A51C300C919A3 /* EdgeMarkerTop.tiff in Resources */ = {isa = PBXBuildFile; fileRef = 035E43B7FEEE2AEC7F000001 /* EdgeMarkerTop.tiff */; };
		73D1B212049A51C300C919A3 /* EdgeMarkerRight.tiff in Resources */ = {isa = PBXBuildFile; fileRef = 035E43B8FEEE2AEC7F000001 /* EdgeMarkerRight.tiff */; };
		73D1B214049A51C300C919A3 /* RectsView.m in Sources */ = {isa = PBXBuildFile; fileRef = 035E43A8FEEE2AEC7F000001 /* RectsView.m */; settings = {ATTRIBUTES = (); }; };
		73D1B215049A51C300C919A3 /* ColorRect.m in Sources */ = {isa = PBXBuildFile; fileRef = 035E43A9FEEE2AEC7F000001 /* ColorRect.m */; settings = {ATTRIBUTES = (); }; };
		73D1B216049A51C300C919A3 /* NestleView.m in Sources */ = {isa = PBXBuildFile; fileRef = 035E43AAFEEE2AEC7F000001 /* NestleView.m */; settings = {ATTRIBUTES = (); }; };
		73D1B217049A51C300C919A3 /* Rulers_main.m in Sources */ = {isa = PBXBuildFile; fileRef = 035E43B0FEEE2AEC7F000001 /* Rulers_main.m */; settings = {ATTRIBUTES = (); }; };
		73D1B219049A51C300C919A3 /* Cocoa.framework in Frameworks */ = {isa = PBXBuildFile; fileRef = 20C7502DFF68033211CA0C5D /* Cocoa.framework */; };
/* End PBXBuildFile section */

/* Begin PBXBuildRule section */
		734E636E049E6A9E00C919A3 /* PBXBuildRule */ = {
			isa = PBXBuildRule;
			compilerSpec = com.apple.compilers.gcc;
			fileType = sourcecode.c;
			isEditable = 1;
			outputFiles = (
			);
		};
/* End PBXBuildRule section */

/* Begin PBXFileReference section */
		035E43A8FEEE2AEC7F000001 /* RectsView.m */ = {isa = PBXFileReference; fileEncoding = 30; lastKnownFileType = sourcecode.c.objc; path = RectsView.m; sourceTree = "<group>"; };
		035E43A9FEEE2AEC7F000001 /* ColorRect.m */ = {isa = PBXFileReference; fileEncoding = 30; lastKnownFileType = sourcecode.c.objc; path = ColorRect.m; sourceTree = "<group>"; };
		035E43AAFEEE2AEC7F000001 /* NestleView.m */ = {isa = PBXFileReference; fileEncoding = 30; lastKnownFileType = sourcecode.c.objc; path = NestleView.m; sourceTree = "<group>"; };
		035E43ACFEEE2AEC7F000001 /* RectsView.h */ = {isa = PBXFileReference; fileEncoding = 30; lastKnownFileType = sourcecode.c.h; path = RectsView.h; sourceTree = "<group>"; };
		035E43ADFEEE2AEC7F000001 /* ColorRect.h */ = {isa = PBXFileReference; fileEncoding = 30; lastKnownFileType = sourcecode.c.h; path = ColorRect.h; sourceTree = "<group>"; };
		035E43AEFEEE2AEC7F000001 /* NestleView.h */ = {isa = PBXFileReference; fileEncoding = 30; lastKnownFileType = sourcecode.c.h; path = NestleView.h; sourceTree = "<group>"; };
		035E43B0FEEE2AEC7F000001 /* Rulers_main.m */ = {isa = PBXFileReference; fileEncoding = 30; lastKnownFileType = sourcecode.c.objc; path = Rulers_main.m; sourceTree = "<group>"; };
		035E43B3FEEE2AEC7F000001 /* English */ = {isa = PBXFileReference; lastKnownFileType = wrapper.nib; name = English; path = English.lproj/Rulers.nib; sourceTree = "<group>"; };
		035E43B5FEEE2AEC7F000001 /* EdgeMarkerLeft.tiff */ = {isa = PBXFileReference; lastKnownFileType = image.tiff; path = EdgeMarkerLeft.tiff; sourceTree = "<group>"; };
		035E43B6FEEE2AEC7F000001 /* EdgeMarkerBottom.tiff */ = {isa = PBXFileReference; lastKnownFileType = image.tiff; path = EdgeMarkerBottom.tiff; sourceTree = "<group>"; };
		035E43B7FEEE2AEC7F000001 /* EdgeMarkerTop.tiff */ = {isa = PBXFileReference; lastKnownFileType = image.tiff; path = EdgeMarkerTop.tiff; sourceTree = "<group>"; };
		035E43B8FEEE2AEC7F000001 /* EdgeMarkerRight.tiff */ = {isa = PBXFileReference; lastKnownFileType = image.tiff; path = EdgeMarkerRight.tiff; sourceTree = "<group>"; };
		035E43BFFEEE2AEC7F000001 /* README.rtf */ = {isa = PBXFileReference; lastKnownFileType = text.rtf; path = README.rtf; sourceTree = "<group>"; };
		035E43C1FEEE2AEC7F000001 /* AppKit.framework */ = {isa = PBXFileReference; lastKnownFileType = wrapper.framework; name = AppKit.framework; path = /System/Library/Frameworks/AppKit.framework; sourceTree = "<absolute>"; };
		035E43C2FEEE2AEC7F000001 /* Foundation.framework */ = {isa = PBXFileReference; lastKnownFileType = wrapper.framework; name = Foundation.framework; path = /System/Library/Frameworks/Foundation.framework; sourceTree = "<absolute>"; };
		20C7502DFF68033211CA0C5D /* Cocoa.framework */ = {isa = PBXFileReference; lastKnownFileType = wrapper.framework; name = Cocoa.framework; path = /System/Library/Frameworks/Cocoa.framework; sourceTree = "<absolute>"; };
		4192D4121358EB1D00B2B5D7 /* English */ = {isa = PBXFileReference; fileEncoding = 10; lastKnownFileType = text.plist.strings; name = English; path = English.lproj/InfoPlist.strings; sourceTree = "<group>"; };
		73D1B21C049A51C300C919A3 /* Info-Rulers.plist */ = {isa = PBXFileReference; lastKnownFileType = text.plist.xml; path = "Info-Rulers.plist"; sourceTree = "<group>"; };
		73D1B21D049A51C300C919A3 /* Rulers.app */ = {isa = PBXFileReference; explicitFileType = wrapper.application; includeInIndex = 0; path = Rulers.app; sourceTree = BUILT_PRODUCTS_DIR; };
/* End PBXFileReference section */

/* Begin PBXFrameworksBuildPhase section */
		73D1B218049A51C300C919A3 /* Frameworks */ = {
			isa = PBXFrameworksBuildPhase;
			buildActionMask = 2147483647;
			files = (
				73D1B219049A51C300C919A3 /* Cocoa.framework in Frameworks */,
			);
			runOnlyForDeploymentPostprocessing = 0;
		};
/* End PBXFrameworksBuildPhase section */

/* Begin PBXGroup section */
		035E43A4FEEE2AEC7F000001 /* Rulers */ = {
			isa = PBXGroup;
			children = (
				035E43BFFEEE2AEC7F000001 /* README.rtf */,
				035E43A7FEEE2AEC7F000001 /* Classes */,
				035E43ABFEEE2AEC7F000001 /* Headers */,
				035E43AFFEEE2AEC7F000001 /* Other Sources */,
				035E43B1FEEE2AEC7F000001 /* Interfaces */,
				035E43B4FEEE2AEC7F000001 /* Images */,
				035E43C0FEEE2AEC7F000001 /* External Frameworks and Libraries */,
				035E43A5FEEE2AEC7F000001 /* Products */,
				4192D4111358EB1D00B2B5D7 /* InfoPlist.strings */,
				73D1B21C049A51C300C919A3 /* Info-Rulers.plist */,
			);
			name = Rulers;
			sourceTree = "<group>";
		};
		035E43A5FEEE2AEC7F000001 /* Products */ = {
			isa = PBXGroup;
			children = (
				73D1B21D049A51C300C919A3 /* Rulers.app */,
			);
			name = Products;
			sourceTree = "<group>";
		};
		035E43A7FEEE2AEC7F000001 /* Classes */ = {
			isa = PBXGroup;
			children = (
				035E43A8FEEE2AEC7F000001 /* RectsView.m */,
				035E43A9FEEE2AEC7F000001 /* ColorRect.m */,
				035E43AAFEEE2AEC7F000001 /* NestleView.m */,
			);
			name = Classes;
			sourceTree = "<group>";
		};
		035E43ABFEEE2AEC7F000001 /* Headers */ = {
			isa = PBXGroup;
			children = (
				035E43ACFEEE2AEC7F000001 /* RectsView.h */,
				035E43ADFEEE2AEC7F000001 /* ColorRect.h */,
				035E43AEFEEE2AEC7F000001 /* NestleView.h */,
			);
			name = Headers;
			sourceTree = "<group>";
		};
		035E43AFFEEE2AEC7F000001 /* Other Sources */ = {
			isa = PBXGroup;
			children = (
				035E43B0FEEE2AEC7F000001 /* Rulers_main.m */,
			);
			name = "Other Sources";
			sourceTree = "<group>";
		};
		035E43B1FEEE2AEC7F000001 /* Interfaces */ = {
			isa = PBXGroup;
			children = (
				035E43B2FEEE2AEC7F000001 /* Rulers.nib */,
			);
			name = Interfaces;
			sourceTree = "<group>";
		};
		035E43B4FEEE2AEC7F000001 /* Images */ = {
			isa = PBXGroup;
			children = (
				035E43B5FEEE2AEC7F000001 /* EdgeMarkerLeft.tiff */,
				035E43B6FEEE2AEC7F000001 /* EdgeMarkerBottom.tiff */,
				035E43B7FEEE2AEC7F000001 /* EdgeMarkerTop.tiff */,
				035E43B8FEEE2AEC7F000001 /* EdgeMarkerRight.tiff */,
			);
			name = Images;
			sourceTree = "<group>";
		};
		035E43C0FEEE2AEC7F000001 /* External Frameworks and Libraries */ = {
			isa = PBXGroup;
			children = (
				20C7502DFF68033211CA0C5D /* Cocoa.framework */,
				20C7502EFF68033211CA0C5D /* Referenced (Non-linked) */,
			);
			name = "External Frameworks and Libraries";
			sourceTree = "<group>";
		};
		20C7502EFF68033211CA0C5D /* Referenced (Non-linked) */ = {
			isa = PBXGroup;
			children = (
				035E43C2FEEE2AEC7F000001 /* Foundation.framework */,
				035E43C1FEEE2AEC7F000001 /* AppKit.framework */,
			);
			name = "Referenced (Non-linked)";
			sourceTree = "<group>";
		};
/* End PBXGroup section */

/* Begin PBXHeadersBuildPhase section */
		73D1B209049A51C300C919A3 /* Headers */ = {
			isa = PBXHeadersBuildPhase;
			buildActionMask = 2147483647;
			files = (
				73D1B20A049A51C300C919A3 /* RectsView.h in Headers */,
				73D1B20B049A51C300C919A3 /* ColorRect.h in Headers */,
				73D1B20C049A51C300C919A3 /* NestleView.h in Headers */,
			);
			runOnlyForDeploymentPostprocessing = 0;
		};
/* End PBXHeadersBuildPhase section */

/* Begin PBXNativeTarget section */
		73D1B208049A51C300C919A3 /* Rulers */ = {
			isa = PBXNativeTarget;
			buildConfigurationList = B69BDEAF08A2ECB3008AC9B5 /* Build configuration list for PBXNativeTarget "Rulers" */;
			buildPhases = (
				73D1B209049A51C300C919A3 /* Headers */,
				73D1B20D049A51C300C919A3 /* Resources */,
				73D1B213049A51C300C919A3 /* Sources */,
				73D1B218049A51C300C919A3 /* Frameworks */,
				73D1B21A049A51C300C919A3 /* Rez */,
			);
			buildRules = (
				734E636E049E6A9E00C919A3 /* PBXBuildRule */,
			);
			dependencies = (
			);
			name = Rulers;
			productInstallPath = "$(LOCAL_DEVELOPER_DIR)/Demos";
			productName = Rulers;
			productReference = 73D1B21D049A51C300C919A3 /* Rulers.app */;
			productType = "com.apple.product-type.application";
		};
/* End PBXNativeTarget section */

/* Begin PBXProject section */
		035E43A3FEEE2AEC7F000001 /* Project object */ = {
			isa = PBXProject;
			attributes = {
				LastUpgradeCheck = 0410;
			};
			buildConfigurationList = B69BDEB308A2ECB3008AC9B5 /* Build configuration list for PBXProject "Rulers" */;
			compatibilityVersion = "Xcode 3.2";
			developmentRegion = English;
			hasScannedForEncodings = 1;
			knownRegions = (
				en,
				English,
			);
			mainGroup = 035E43A4FEEE2AEC7F000001 /* Rulers */;
			productRefGroup = 035E43A5FEEE2AEC7F000001 /* Products */;
			projectDirPath = "";
			projectRoot = "";
			targets = (
				73D1B208049A51C300C919A3 /* Rulers */,
			);
		};
/* End PBXProject section */

/* Begin PBXResourcesBuildPhase section */
		73D1B20D049A51C300C919A3 /* Resources */ = {
			isa = PBXResourcesBuildPhase;
			buildActionMask = 2147483647;
			files = (
				73D1B20E049A51C300C919A3 /* Rulers.nib in Resources */,
				73D1B20F049A51C300C919A3 /* EdgeMarkerLeft.tiff in Resources */,
				73D1B210049A51C300C919A3 /* EdgeMarkerBottom.tiff in Resources */,
				73D1B211049A51C300C919A3 /* EdgeMarkerTop.tiff in Resources */,
				73D1B212049A51C300C919A3 /* EdgeMarkerRight.tiff in Resources */,
				4192D4131358EB1D00B2B5D7 /* InfoPlist.strings in Resources */,
			);
			runOnlyForDeploymentPostprocessing = 0;
		};
/* End PBXResourcesBuildPhase section */

/* Begin PBXRezBuildPhase section */
		73D1B21A049A51C300C919A3 /* Rez */ = {
			isa = PBXRezBuildPhase;
			buildActionMask = 2147483647;
			files = (
			);
			runOnlyForDeploymentPostprocessing = 0;
		};
/* End PBXRezBuildPhase section */

/* Begin PBXSourcesBuildPhase section */
		73D1B213049A51C300C919A3 /* Sources */ = {
			isa = PBXSourcesBuildPhase;
			buildActionMask = 2147483647;
			files = (
				73D1B214049A51C300C919A3 /* RectsView.m in Sources */,
				73D1B215049A51C300C919A3 /* ColorRect.m in Sources */,
				73D1B216049A51C300C919A3 /* NestleView.m in Sources */,
				73D1B217049A51C300C919A3 /* Rulers_main.m in Sources */,
			);
			runOnlyForDeploymentPostprocessing = 0;
		};
/* End PBXSourcesBuildPhase section */

/* Begin PBXVariantGroup section */
		035E43B2FEEE2AEC7F000001 /* Rulers.nib */ = {
			isa = PBXVariantGroup;
			children = (
				035E43B3FEEE2AEC7F000001 /* English */,
			);
			name = Rulers.nib;
			sourceTree = "<group>";
		};
		4192D4111358EB1D00B2B5D7 /* InfoPlist.strings */ = {
			isa = PBXVariantGroup;
			children = (
				4192D4121358EB1D00B2B5D7 /* English */,
			);
			name = InfoPlist.strings;
			sourceTree = "<group>";
		};
/* End PBXVariantGroup section */

/* Begin XCBuildConfiguration section */
		B69BDEB008A2ECB3008AC9B5 /* Development */ = {
			isa = XCBuildConfiguration;
			buildSettings = {
				ARCHS = "$(ARCHS_STANDARD_32_64_BIT)";
				COPY_PHASE_STRIP = NO;
				FRAMEWORK_SEARCH_PATHS = "";
				GCC_DYNAMIC_NO_PIC = NO;
				GCC_GENERATE_DEBUGGING_SYMBOLS = YES;
				GCC_OPTIMIZATION_LEVEL = 0;
				GCC_PRECOMPILE_PREFIX_HEADER = YES;
				GCC_PREFIX_HEADER = Prefix.h;
				GCC_WARN_FOUR_CHARACTER_CONSTANTS = NO;
				GCC_WARN_UNKNOWN_PRAGMAS = NO;
				HEADER_SEARCH_PATHS = "";
				INFOPLIST_FILE = "Info-Rulers.plist";
				INSTALL_PATH = "$(LOCAL_DEVELOPER_DIR)/Demos";
				LIBRARY_SEARCH_PATHS = "";
				OTHER_CFLAGS = "";
				OTHER_LDFLAGS = "";
				OTHER_REZFLAGS = "";
				PRODUCT_NAME = Rulers;
				SECTORDER_FLAGS = "";
				WARNING_CFLAGS = "-Wmost";
				WRAPPER_EXTENSION = app;
				ZERO_LINK = YES;
			};
			name = Development;
		};
		B69BDEB108A2ECB3008AC9B5 /* Deployment */ = {
			isa = XCBuildConfiguration;
			buildSettings = {
				ARCHS = "$(ARCHS_STANDARD_32_64_BIT)";
				COPY_PHASE_STRIP = YES;
				FRAMEWORK_SEARCH_PATHS = "";
				GCC_PRECOMPILE_PREFIX_HEADER = YES;
				GCC_PREFIX_HEADER = Prefix.h;
				GCC_WARN_FOUR_CHARACTER_CONSTANTS = NO;
				GCC_WARN_UNKNOWN_PRAGMAS = NO;
				HEADER_SEARCH_PATHS = "";
				INFOPLIST_FILE = "Info-Rulers.plist";
				INSTALL_PATH = "$(LOCAL_DEVELOPER_DIR)/Demos";
				LIBRARY_SEARCH_PATHS = "";
				OTHER_CFLAGS = "";
				OTHER_LDFLAGS = "";
				OTHER_REZFLAGS = "";
				PRODUCT_NAME = Rulers;
				SECTORDER_FLAGS = "";
				WARNING_CFLAGS = "-Wmost";
				WRAPPER_EXTENSION = app;
				ZERO_LINK = NO;
			};
			name = Deployment;
		};
		B69BDEB208A2ECB3008AC9B5 /* Default */ = {
			isa = XCBuildConfiguration;
			buildSettings = {
				ARCHS = "$(ARCHS_STANDARD_32_64_BIT)";
				FRAMEWORK_SEARCH_PATHS = "";
				GCC_PRECOMPILE_PREFIX_HEADER = YES;
				GCC_PREFIX_HEADER = Prefix.h;
				GCC_WARN_FOUR_CHARACTER_CONSTANTS = NO;
				GCC_WARN_UNKNOWN_PRAGMAS = NO;
				HEADER_SEARCH_PATHS = "";
				INFOPLIST_FILE = "Info-Rulers.plist";
				INSTALL_PATH = "$(LOCAL_DEVELOPER_DIR)/Demos";
				LIBRARY_SEARCH_PATHS = "";
				OTHER_CFLAGS = "";
				OTHER_LDFLAGS = "";
				OTHER_REZFLAGS = "";
				PRODUCT_NAME = Rulers;
				SECTORDER_FLAGS = "";
				WARNING_CFLAGS = "-Wmost";
				WRAPPER_EXTENSION = app;
			};
			name = Default;
		};
		B69BDEB408A2ECB3008AC9B5 /* Development */ = {
			isa = XCBuildConfiguration;
			buildSettings = {
				MACOSX_DEPLOYMENT_TARGET = 10.7;
				SDKROOT = macosx;
			};
			name = Development;
		};
		B69BDEB508A2ECB3008AC9B5 /* Deployment */ = {
			isa = XCBuildConfiguration;
			buildSettings = {
				MACOSX_DEPLOYMENT_TARGET = 10.7;
				SDKROOT = macosx;
			};
			name = Deployment;
		};
		B69BDEB608A2ECB3008AC9B5 /* Default */ = {
			isa = XCBuildConfiguration;
			buildSettings = {
				MACOSX_DEPLOYMENT_TARGET = 10.7;
				SDKROOT = macosx;
			};
			name = Default;
		};
/* End XCBuildConfiguration section */

/* Begin XCConfigurationList section */
		B69BDEAF08A2ECB3008AC9B5 /* Build configuration list for PBXNativeTarget "Rulers" */ = {
			isa = XCConfigurationList;
			buildConfigurations = (
				B69BDEB008A2ECB3008AC9B5 /* Development */,
				B69BDEB108A2ECB3008AC9B5 /* Deployment */,
				B69BDEB208A2ECB3008AC9B5 /* Default */,
			);
			defaultConfigurationIsVisible = 0;
			defaultConfigurationName = Default;
		};
		B69BDEB308A2ECB3008AC9B5 /* Build configuration list for PBXProject "Rulers" */ = {
			isa = XCConfigurationList;
			buildConfigurations = (
				B69BDEB408A2ECB3008AC9B5 /* Development */,
				B69BDEB508A2ECB3008AC9B5 /* Deployment */,
				B69BDEB608A2ECB3008AC9B5 /* Default */,
			);
			defaultConfigurationIsVisible = 0;
			defaultConfigurationName = Default;
		};
/* End XCConfigurationList section */
	};
	rootObject = 035E43A3FEEE2AEC7F000001 /* Project object */;
}
