// !$*UTF8*$!
{
	archiveVersion = 1;
	classes = {
	};
	objectVersion = 46;
	objects = {

/* Begin PBXBuildFile section */
		4172A8C913590A570098DE12 /* InfoPlist.strings in Resources */ = {isa = PBXBuildFile; fileRef = 4172A8C713590A570098DE12 /* InfoPlist.strings */; };
		73ADCA5A049A89F000C919A3 /* DataSource.h in Headers */ = {isa = PBXBuildFile; fileRef = 00AE26FEFEE078617F000001 /* DataSource.h */; };
		73ADCA5B049A89F000C919A3 /* FileSystemItem.h in Headers */ = {isa = PBXBuildFile; fileRef = 0325FBE9FEE8617011CA0C5D /* FileSystemItem.h */; };
		73ADCA5E049A89F000C919A3 /* MainMenu.nib in Resources */ = {isa = PBXBuildFile; fileRef = 29B97318FDCFA39411CA2CEA /* MainMenu.nib */; };
		73ADCA5F049A89F000C919A3 /* AppIcon.icns in Resources */ = {isa = PBXBuildFile; fileRef = 198FD2A6FEEEECEC11CA0C5D /* AppIcon.icns */; };
		73ADCA60049A89F000C919A3 /* Credits.rtf in Resources */ = {isa = PBXBuildFile; fileRef = 00F0A007FF03DB9611CA0C5D /* Credits.rtf */; };
		73ADCA62049A89F000C919A3 /* main.m in Sources */ = {isa = PBXBuildFile; fileRef = 29B97316FDCFA39411CA2CEA /* main.m */; settings = {ATTRIBUTES = (); }; };
		73ADCA63049A89F000C919A3 /* DataSource.m in Sources */ = {isa = PBXBuildFile; fileRef = 00AE26FDFEE078617F000001 /* DataSource.m */; settings = {ATTRIBUTES = (); }; };
		73ADCA64049A89F000C919A3 /* FileSystemItem.m in Sources */ = {isa = PBXBuildFile; fileRef = 0325FBE8FEE8617011CA0C5D /* FileSystemItem.m */; settings = {ATTRIBUTES = (); }; };
		73ADCA66049A89F000C919A3 /* Cocoa.framework in Frameworks */ = {isa = PBXBuildFile; fileRef = 1058C7A1FEA54F0111CA2CBB /* Cocoa.framework */; };
/* End PBXBuildFile section */

/* Begin PBXBuildRule section */
		734E636F049E6ADA00C919A3 /* PBXBuildRule */ = {
			isa = PBXBuildRule;
			compilerSpec = com.apple.compilers.gcc;
			fileType = sourcecode.c;
			isEditable = 1;
			outputFiles = (
			);
		};
/* End PBXBuildRule section */

/* Begin PBXFileReference section */
		00AE26FDFEE078617F000001 /* DataSource.m */ = {isa = PBXFileReference; fileEncoding = 30; lastKnownFileType = sourcecode.c.objc; path = DataSource.m; sourceTree = "<group>"; };
		00AE26FEFEE078617F000001 /* DataSource.h */ = {isa = PBXFileReference; fileEncoding = 30; lastKnownFileType = sourcecode.c.h; path = DataSource.h; sourceTree = "<group>"; };
		00F0A008FF03DB9611CA0C5D /* English */ = {isa = PBXFileReference; lastKnownFileType = text.rtf; name = English; path = English.lproj/Credits.rtf; sourceTree = "<group>"; };
		0325FBE8FEE8617011CA0C5D /* FileSystemItem.m */ = {isa = PBXFileReference; fileEncoding = 30; lastKnownFileType = sourcecode.c.objc; path = FileSystemItem.m; sourceTree = "<group>"; };
		0325FBE9FEE8617011CA0C5D /* FileSystemItem.h */ = {isa = PBXFileReference; fileEncoding = 30; lastKnownFileType = sourcecode.c.h; path = FileSystemItem.h; sourceTree = "<group>"; };
		1058C7A1FEA54F0111CA2CBB /* Cocoa.framework */ = {isa = PBXFileReference; lastKnownFileType = wrapper.framework; name = Cocoa.framework; path = /System/Library/Frameworks/Cocoa.framework; sourceTree = "<absolute>"; };
		198FD2A6FEEEECEC11CA0C5D /* AppIcon.icns */ = {isa = PBXFileReference; lastKnownFileType = image.icns; path = AppIcon.icns; sourceTree = "<group>"; };
		29B97316FDCFA39411CA2CEA /* main.m */ = {isa = PBXFileReference; fileEncoding = 30; lastKnownFileType = sourcecode.c.objc; path = main.m; sourceTree = "<group>"; };
		29B97319FDCFA39411CA2CEA /* English */ = {isa = PBXFileReference; lastKnownFileType = wrapper.nib; name = English; path = English.lproj/MainMenu.nib; sourceTree = "<group>"; };
		29B97324FDCFA39411CA2CEA /* AppKit.framework */ = {isa = PBXFileReference; lastKnownFileType = wrapper.framework; name = AppKit.framework; path = /System/Library/Frameworks/AppKit.framework; sourceTree = "<absolute>"; };
		29B97325FDCFA39411CA2CEA /* Foundation.framework */ = {isa = PBXFileReference; lastKnownFileType = wrapper.framework; name = Foundation.framework; path = /System/Library/Frameworks/Foundation.framework; sourceTree = "<absolute>"; };
		4172A8C813590A570098DE12 /* English */ = {isa = PBXFileReference; fileEncoding = 10; lastKnownFileType = text.plist.strings; name = English; path = English.lproj/InfoPlist.strings; sourceTree = "<group>"; };
		73ADCA69049A89F000C919A3 /* Info-OutlineView.plist */ = {isa = PBXFileReference; lastKnownFileType = text.plist.xml; path = "Info-OutlineView.plist"; sourceTree = "<group>"; };
		73ADCA6A049A89F000C919A3 /* OutlineView.app */ = {isa = PBXFileReference; explicitFileType = wrapper.application; includeInIndex = 0; path = OutlineView.app; sourceTree = BUILT_PRODUCTS_DIR; };
/* End PBXFileReference section */

/* Begin PBXFrameworksBuildPhase section */
		73ADCA65049A89F000C919A3 /* Frameworks */ = {
			isa = PBXFrameworksBuildPhase;
			buildActionMask = 2147483647;
			files = (
				73ADCA66049A89F000C919A3 /* Cocoa.framework in Frameworks */,
			);
			runOnlyForDeploymentPostprocessing = 0;
		};
/* End PBXFrameworksBuildPhase section */

/* Begin PBXGroup section */
		080E96DDFE201D6D7F000001 /* Classes */ = {
			isa = PBXGroup;
			children = (
				00AE26FDFEE078617F000001 /* DataSource.m */,
				0325FBE8FEE8617011CA0C5D /* FileSystemItem.m */,
				00AE26FEFEE078617F000001 /* DataSource.h */,
				0325FBE9FEE8617011CA0C5D /* FileSystemItem.h */,
			);
			name = Classes;
			sourceTree = "<group>";
		};
		1058C7A0FEA54F0111CA2CBB /* Linked Frameworks */ = {
			isa = PBXGroup;
			children = (
				1058C7A1FEA54F0111CA2CBB /* Cocoa.framework */,
			);
			name = "Linked Frameworks";
			sourceTree = "<group>";
		};
		1058C7A2FEA54F0111CA2CBB /* Other Frameworks */ = {
			isa = PBXGroup;
			children = (
				29B97325FDCFA39411CA2CEA /* Foundation.framework */,
				29B97324FDCFA39411CA2CEA /* AppKit.framework */,
			);
			name = "Other Frameworks";
			sourceTree = "<group>";
		};
		19C28FACFE9D520D11CA2CBB /* Products */ = {
			isa = PBXGroup;
			children = (
				73ADCA6A049A89F000C919A3 /* OutlineView.app */,
			);
			name = Products;
			sourceTree = "<group>";
		};
		29B97314FDCFA39411CA2CEA /* CocoaApp */ = {
			isa = PBXGroup;
			children = (
				080E96DDFE201D6D7F000001 /* Classes */,
				29B97315FDCFA39411CA2CEA /* Other Sources */,
				29B97317FDCFA39411CA2CEA /* Resources */,
				29B97323FDCFA39411CA2CEA /* Frameworks */,
				19C28FACFE9D520D11CA2CBB /* Products */,
				73ADCA69049A89F000C919A3 /* Info-OutlineView.plist */,
			);
			name = CocoaApp;
			sourceTree = "<group>";
		};
		29B97315FDCFA39411CA2CEA /* Other Sources */ = {
			isa = PBXGroup;
			children = (
				29B97316FDCFA39411CA2CEA /* main.m */,
			);
			name = "Other Sources";
			sourceTree = "<group>";
		};
		29B97317FDCFA39411CA2CEA /* Resources */ = {
			isa = PBXGroup;
			children = (
				4172A8C713590A570098DE12 /* InfoPlist.strings */,
				29B97318FDCFA39411CA2CEA /* MainMenu.nib */,
				198FD2A6FEEEECEC11CA0C5D /* AppIcon.icns */,
				00F0A007FF03DB9611CA0C5D /* Credits.rtf */,
			);
			name = Resources;
			sourceTree = "<group>";
		};
		29B97323FDCFA39411CA2CEA /* Frameworks */ = {
			isa = PBXGroup;
			children = (
				1058C7A0FEA54F0111CA2CBB /* Linked Frameworks */,
				1058C7A2FEA54F0111CA2CBB /* Other Frameworks */,
			);
			name = Frameworks;
			sourceTree = "<group>";
		};
/* End PBXGroup section */

/* Begin PBXHeadersBuildPhase section */
		73ADCA59049A89F000C919A3 /* Headers */ = {
			isa = PBXHeadersBuildPhase;
			buildActionMask = 2147483647;
			files = (
				73ADCA5A049A89F000C919A3 /* DataSource.h in Headers */,
				73ADCA5B049A89F000C919A3 /* FileSystemItem.h in Headers */,
			);
			runOnlyForDeploymentPostprocessing = 0;
		};
/* End PBXHeadersBuildPhase section */

/* Begin PBXNativeTarget section */
		73ADCA58049A89F000C919A3 /* OutlineView */ = {
			isa = PBXNativeTarget;
			buildConfigurationList = B69BDE8708A2ECB2008AC9B5 /* Build configuration list for PBXNativeTarget "OutlineView" */;
			buildPhases = (
				73ADCA59049A89F000C919A3 /* Headers */,
				73ADCA5D049A89F000C919A3 /* Resources */,
				73ADCA61049A89F000C919A3 /* Sources */,
				73ADCA65049A89F000C919A3 /* Frameworks */,
				73ADCA67049A89F000C919A3 /* Rez */,
			);
			buildRules = (
				734E636F049E6ADA00C919A3 /* PBXBuildRule */,
			);
			dependencies = (
			);
			name = OutlineView;
			productInstallPath = "$(LOCAL_DEVELOPER_DIR)/Demos";
			productName = OutlineView;
			productReference = 73ADCA6A049A89F000C919A3 /* OutlineView.app */;
			productType = "com.apple.product-type.application";
		};
/* End PBXNativeTarget section */

/* Begin PBXProject section */
		29B97313FDCFA39411CA2CEA /* Project object */ = {
			isa = PBXProject;
			attributes = {
				LastUpgradeCheck = 0410;
			};
			buildConfigurationList = B69BDE8B08A2ECB2008AC9B5 /* Build configuration list for PBXProject "OutlineView" */;
			compatibilityVersion = "Xcode 3.2";
			developmentRegion = English;
			hasScannedForEncodings = 1;
			knownRegions = (
				en,
				English,
			);
			mainGroup = 29B97314FDCFA39411CA2CEA /* CocoaApp */;
			projectDirPath = "";
			projectRoot = "";
			targets = (
				73ADCA58049A89F000C919A3 /* OutlineView */,
			);
		};
/* End PBXProject section */

/* Begin PBXResourcesBuildPhase section */
		73ADCA5D049A89F000C919A3 /* Resources */ = {
			isa = PBXResourcesBuildPhase;
			buildActionMask = 2147483647;
			files = (
				73ADCA5E049A89F000C919A3 /* MainMenu.nib in Resources */,
				73ADCA5F049A89F000C919A3 /* AppIcon.icns in Resources */,
				73ADCA60049A89F000C919A3 /* Credits.rtf in Resources */,
				4172A8C913590A570098DE12 /* InfoPlist.strings in Resources */,
			);
			runOnlyForDeploymentPostprocessing = 0;
		};
/* End PBXResourcesBuildPhase section */

/* Begin PBXRezBuildPhase section */
		73ADCA67049A89F000C919A3 /* Rez */ = {
			isa = PBXRezBuildPhase;
			buildActionMask = 2147483647;
			files = (
			);
			runOnlyForDeploymentPostprocessing = 0;
		};
/* End PBXRezBuildPhase section */

/* Begin PBXSourcesBuildPhase section */
		73ADCA61049A89F000C919A3 /* Sources */ = {
			isa = PBXSourcesBuildPhase;
			buildActionMask = 2147483647;
			files = (
				73ADCA62049A89F000C919A3 /* main.m in Sources */,
				73ADCA63049A89F000C919A3 /* DataSource.m in Sources */,
				73ADCA64049A89F000C919A3 /* FileSystemItem.m in Sources */,
			);
			runOnlyForDeploymentPostprocessing = 0;
		};
/* End PBXSourcesBuildPhase section */

/* Begin PBXVariantGroup section */
		00F0A007FF03DB9611CA0C5D /* Credits.rtf */ = {
			isa = PBXVariantGroup;
			children = (
				00F0A008FF03DB9611CA0C5D /* English */,
			);
			name = Credits.rtf;
			sourceTree = "<group>";
		};
		29B97318FDCFA39411CA2CEA /* MainMenu.nib */ = {
			isa = PBXVariantGroup;
			children = (
				29B97319FDCFA39411CA2CEA /* English */,
			);
			name = MainMenu.nib;
			sourceTree = "<group>";
		};
		4172A8C713590A570098DE12 /* InfoPlist.strings */ = {
			isa = PBXVariantGroup;
			children = (
				4172A8C813590A570098DE12 /* English */,
			);
			name = InfoPlist.strings;
			sourceTree = "<group>";
		};
/* End PBXVariantGroup section */

/* Begin XCBuildConfiguration section */
		B69BDE8808A2ECB2008AC9B5 /* Development */ = {
			isa = XCBuildConfiguration;
			buildSettings = {
				ARCHS = "$(ARCHS_STANDARD_32_64_BIT)";
				COPY_PHASE_STRIP = NO;
				FRAMEWORK_SEARCH_PATHS = "";
				GCC_DYNAMIC_NO_PIC = NO;
				GCC_GENERATE_DEBUGGING_SYMBOLS = YES;
				GCC_OPTIMIZATION_LEVEL = 0;
				GCC_PRECOMPILE_PREFIX_HEADER = YES;
				GCC_PREFIX_HEADER = Prefix.h;
				GCC_WARN_FOUR_CHARACTER_CONSTANTS = NO;
				GCC_WARN_UNKNOWN_PRAGMAS = NO;
				HEADER_SEARCH_PATHS = "";
				INFOPLIST_FILE = "Info-OutlineView.plist";
				INSTALL_PATH = "$(LOCAL_DEVELOPER_DIR)/Demos";
				LIBRARY_SEARCH_PATHS = "";
				OTHER_CFLAGS = "";
				OTHER_LDFLAGS = "";
				PRODUCT_NAME = OutlineView;
				SECTORDER_FLAGS = "";
				WARNING_CFLAGS = "-Wmost";
				WRAPPER_EXTENSION = app;
				ZERO_LINK = YES;
			};
			name = Development;
		};
		B69BDE8908A2ECB2008AC9B5 /* Deployment */ = {
			isa = XCBuildConfiguration;
			buildSettings = {
				ARCHS = "$(ARCHS_STANDARD_32_64_BIT)";
				COPY_PHASE_STRIP = YES;
				FRAMEWORK_SEARCH_PATHS = "";
				GCC_PRECOMPILE_PREFIX_HEADER = YES;
				GCC_PREFIX_HEADER = Prefix.h;
				GCC_WARN_FOUR_CHARACTER_CONSTANTS = NO;
				GCC_WARN_UNKNOWN_PRAGMAS = NO;
				HEADER_SEARCH_PATHS = "";
				INFOPLIST_FILE = "Info-OutlineView.plist";
				INSTALL_PATH = "$(LOCAL_DEVELOPER_DIR)/Demos";
				LIBRARY_SEARCH_PATHS = "";
				OTHER_CFLAGS = "";
				OTHER_LDFLAGS = "";
				PRODUCT_NAME = OutlineView;
				SECTORDER_FLAGS = "";
				WARNING_CFLAGS = "-Wmost";
				WRAPPER_EXTENSION = app;
				ZERO_LINK = NO;
			};
			name = Deployment;
		};
		B69BDE8A08A2ECB2008AC9B5 /* Default */ = {
			isa = XCBuildConfiguration;
			buildSettings = {
				ARCHS = "$(ARCHS_STANDARD_32_64_BIT)";
				FRAMEWORK_SEARCH_PATHS = "";
				GCC_PRECOMPILE_PREFIX_HEADER = YES;
				GCC_PREFIX_HEADER = Prefix.h;
				GCC_WARN_FOUR_CHARACTER_CONSTANTS = NO;
				GCC_WARN_UNKNOWN_PRAGMAS = NO;
				HEADER_SEARCH_PATHS = "";
				INFOPLIST_FILE = "Info-OutlineView.plist";
				INSTALL_PATH = "$(LOCAL_DEVELOPER_DIR)/Demos";
				LIBRARY_SEARCH_PATHS = "";
				OTHER_CFLAGS = "";
				OTHER_LDFLAGS = "";
				PRODUCT_NAME = OutlineView;
				SECTORDER_FLAGS = "";
				WARNING_CFLAGS = "-Wmost";
				WRAPPER_EXTENSION = app;
			};
			name = Default;
		};
		B69BDE8C08A2ECB2008AC9B5 /* Development */ = {
			isa = XCBuildConfiguration;
			buildSettings = {
				MACOSX_DEPLOYMENT_TARGET = 10.7;
				SDKROOT = macosx;
			};
			name = Development;
		};
		B69BDE8D08A2ECB2008AC9B5 /* Deployment */ = {
			isa = XCBuildConfiguration;
			buildSettings = {
				MACOSX_DEPLOYMENT_TARGET = 10.7;
				SDKROOT = macosx;
			};
			name = Deployment;
		};
		B69BDE8E08A2ECB2008AC9B5 /* Default */ = {
			isa = XCBuildConfiguration;
			buildSettings = {
				MACOSX_DEPLOYMENT_TARGET = 10.7;
				SDKROOT = macosx;
			};
			name = Default;
		};
/* End XCBuildConfiguration section */

/* Begin XCConfigurationList section */
		B69BDE8708A2ECB2008AC9B5 /* Build configuration list for PBXNativeTarget "OutlineView" */ = {
			isa = XCConfigurationList;
			buildConfigurations = (
				B69BDE8808A2ECB2008AC9B5 /* Development */,
				B69BDE8908A2ECB2008AC9B5 /* Deployment */,
				B69BDE8A08A2ECB2008AC9B5 /* Default */,
			);
			defaultConfigurationIsVisible = 0;
			defaultConfigurationName = Default;
		};
		B69BDE8B08A2ECB2008AC9B5 /* Build configuration list for PBXProject "OutlineView" */ = {
			isa = XCConfigurationList;
			buildConfigurations = (
				B69BDE8C08A2ECB2008AC9B5 /* Development */,
				B69BDE8D08A2ECB2008AC9B5 /* Deployment */,
				B69BDE8E08A2ECB2008AC9B5 /* Default */,
			);
			defaultConfigurationIsVisible = 0;
			defaultConfigurationName = Default;
		};
/* End XCConfigurationList section */
	};
	rootObject = 29B97313FDCFA39411CA2CEA /* Project object */;
}
