// !$*UTF8*$!
{
	archiveVersion = 1;
	classes = {
	};
	objectVersion = 46;
	objects = {

/* Begin PBXBuildFile section */
		4E1967FE1593CFEC0092A323 /* CAStreamBasicDescription.cpp in Sources */ = {isa = PBXBuildFile; fileRef = 4E1967FA1593CFEC0092A323 /* CAStreamBasicDescription.cpp */; };
		4E1967FF1593CFEC0092A323 /* CAStreamBasicDescription.cpp in Sources */ = {isa = PBXBuildFile; fileRef = 4E1967FA1593CFEC0092A323 /* CAStreamBasicDescription.cpp */; };
		4E1968031593D4110092A323 /* CAXException.cpp in Sources */ = {isa = PBXBuildFile; fileRef = 4E1967FC1593CFEC0092A323 /* CAXException.cpp */; };
		4E1968041593D4120092A323 /* CAXException.cpp in Sources */ = {isa = PBXBuildFile; fileRef = 4E1967FC1593CFEC0092A323 /* CAXException.cpp */; };
		9286192F0819D47100813FBA /* AudioToolbox.framework in Frameworks */ = {isa = PBXBuildFile; fileRef = 9286192D0819D47100813FBA /* AudioToolbox.framework */; };
		A92B92FF088849FC001F57E6 /* UseAC-AF.cpp in Sources */ = {isa = PBXBuildFile; fileRef = A92B92FE088849FC001F57E6 /* UseAC-AF.cpp */; };
		A92B931708884AC1001F57E6 /* AudioToolbox.framework in Frameworks */ = {isa = PBXBuildFile; fileRef = 9286192D0819D47100813FBA /* AudioToolbox.framework */; };
		A92B931808884AC1001F57E6 /* CoreFoundation.framework in Frameworks */ = {isa = PBXBuildFile; fileRef = A94087E7083132720031D1A4 /* CoreFoundation.framework */; };
		A92B936C08886619001F57E6 /* UseExtAF.cpp in Sources */ = {isa = PBXBuildFile; fileRef = A92B932F08884B1E001F57E6 /* UseExtAF.cpp */; };
		A92B93BD08886FBE001F57E6 /* utils.cpp in Sources */ = {isa = PBXBuildFile; fileRef = A92B93BC08886FBE001F57E6 /* utils.cpp */; };
		A92B93BE08886FBE001F57E6 /* utils.cpp in Sources */ = {isa = PBXBuildFile; fileRef = A92B93BC08886FBE001F57E6 /* utils.cpp */; };
		A94087E8083132720031D1A4 /* CoreFoundation.framework in Frameworks */ = {isa = PBXBuildFile; fileRef = A94087E7083132720031D1A4 /* CoreFoundation.framework */; };
/* End PBXBuildFile section */

/* Begin PBXCopyFilesBuildPhase section */
		8DD76F690486A84900D96B5E /* CopyFiles */ = {
			isa = PBXCopyFilesBuildPhase;
			buildActionMask = 8;
			dstPath = /usr/share/man/man1/;
			dstSubfolderSpec = 0;
			files = (
			);
			runOnlyForDeploymentPostprocessing = 1;
		};
		A92B931908884AC1001F57E6 /* CopyFiles */ = {
			isa = PBXCopyFilesBuildPhase;
			buildActionMask = 8;
			dstPath = /usr/share/man/man1/;
			dstSubfolderSpec = 0;
			files = (
			);
			runOnlyForDeploymentPostprocessing = 1;
		};
/* End PBXCopyFilesBuildPhase section */

/* Begin PBXFileReference section */
		4E1967F71593CFEC0092A323 /* CADebugMacros.h */ = {isa = PBXFileReference; fileEncoding = 4; lastKnownFileType = sourcecode.c.h; path = CADebugMacros.h; sourceTree = "<group>"; };
		4E1967F81593CFEC0092A323 /* CADebugPrintf.h */ = {isa = PBXFileReference; fileEncoding = 4; lastKnownFileType = sourcecode.c.h; path = CADebugPrintf.h; sourceTree = "<group>"; };
		4E1967F91593CFEC0092A323 /* CAMath.h */ = {isa = PBXFileReference; fileEncoding = 4; lastKnownFileType = sourcecode.c.h; path = CAMath.h; sourceTree = "<group>"; };
		4E1967FA1593CFEC0092A323 /* CAStreamBasicDescription.cpp */ = {isa = PBXFileReference; fileEncoding = 4; lastKnownFileType = sourcecode.cpp.cpp; path = CAStreamBasicDescription.cpp; sourceTree = "<group>"; };
		4E1967FB1593CFEC0092A323 /* CAStreamBasicDescription.h */ = {isa = PBXFileReference; fileEncoding = 4; lastKnownFileType = sourcecode.c.h; path = CAStreamBasicDescription.h; sourceTree = "<group>"; };
		4E1967FC1593CFEC0092A323 /* CAXException.cpp */ = {isa = PBXFileReference; fileEncoding = 4; lastKnownFileType = sourcecode.cpp.cpp; path = CAXException.cpp; sourceTree = "<group>"; };
		4E1967FD1593CFEC0092A323 /* CAXException.h */ = {isa = PBXFileReference; fileEncoding = 4; lastKnownFileType = sourcecode.c.h; path = CAXException.h; sourceTree = "<group>"; };
		8DD76F6C0486A84900D96B5E /* ConvertFile */ = {isa = PBXFileReference; explicitFileType = "compiled.mach-o.executable"; includeInIndex = 0; path = ConvertFile; sourceTree = BUILT_PRODUCTS_DIR; };
		9286192D0819D47100813FBA /* AudioToolbox.framework */ = {isa = PBXFileReference; lastKnownFileType = wrapper.framework; name = AudioToolbox.framework; path = /System/Library/Frameworks/AudioToolbox.framework; sourceTree = "<absolute>"; };
		A92B92FE088849FC001F57E6 /* UseAC-AF.cpp */ = {isa = PBXFileReference; fileEncoding = 30; lastKnownFileType = sourcecode.cpp.cpp; path = "UseAC-AF.cpp"; sourceTree = SOURCE_ROOT; };
		A92B932008884AC1001F57E6 /* ConvertFile */ = {isa = PBXFileReference; explicitFileType = "compiled.mach-o.executable"; includeInIndex = 0; path = ConvertFile; sourceTree = BUILT_PRODUCTS_DIR; };
		A92B932F08884B1E001F57E6 /* UseExtAF.cpp */ = {isa = PBXFileReference; fileEncoding = 4; lastKnownFileType = sourcecode.cpp.cpp; path = UseExtAF.cpp; sourceTree = "<group>"; };
		A92B93BC08886FBE001F57E6 /* utils.cpp */ = {isa = PBXFileReference; fileEncoding = 4; lastKnownFileType = sourcecode.cpp.cpp; path = utils.cpp; sourceTree = "<group>"; };
		A94087E7083132720031D1A4 /* CoreFoundation.framework */ = {isa = PBXFileReference; lastKnownFileType = wrapper.framework; name = CoreFoundation.framework; path = /System/Library/Frameworks/CoreFoundation.framework; sourceTree = "<absolute>"; };
/* End PBXFileReference section */

/* Begin PBXFrameworksBuildPhase section */
		8DD76F660486A84900D96B5E /* Frameworks */ = {
			isa = PBXFrameworksBuildPhase;
			buildActionMask = 2147483647;
			files = (
				9286192F0819D47100813FBA /* AudioToolbox.framework in Frameworks */,
				A94087E8083132720031D1A4 /* CoreFoundation.framework in Frameworks */,
			);
			runOnlyForDeploymentPostprocessing = 0;
		};
		A92B931608884AC1001F57E6 /* Frameworks */ = {
			isa = PBXFrameworksBuildPhase;
			buildActionMask = 2147483647;
			files = (
				A92B931708884AC1001F57E6 /* AudioToolbox.framework in Frameworks */,
				A92B931808884AC1001F57E6 /* CoreFoundation.framework in Frameworks */,
			);
			runOnlyForDeploymentPostprocessing = 0;
		};
/* End PBXFrameworksBuildPhase section */

/* Begin PBXGroup section */
		08FB7794FE84155DC02AAC07 /* convert2ima */ = {
			isa = PBXGroup;
			children = (
				A92B932F08884B1E001F57E6 /* UseExtAF.cpp */,
				A92B93BC08886FBE001F57E6 /* utils.cpp */,
				A92B92FE088849FC001F57E6 /* UseAC-AF.cpp */,
				4E1967F61593CF630092A323 /* PublicUtility */,
				A963512E0DD3A090009703E2 /* Frameworks */,
				1AB674ADFE9D54B511CA2CBB /* Products */,
			);
			name = convert2ima;
			sourceTree = "<group>";
		};
		1AB674ADFE9D54B511CA2CBB /* Products */ = {
			isa = PBXGroup;
			children = (
				8DD76F6C0486A84900D96B5E /* ConvertFile */,
				A92B932008884AC1001F57E6 /* ConvertFile */,
			);
			name = Products;
			sourceTree = "<group>";
		};
		4E1967F61593CF630092A323 /* PublicUtility */ = {
			isa = PBXGroup;
			children = (
				4E1967F71593CFEC0092A323 /* CADebugMacros.h */,
				4E1967F81593CFEC0092A323 /* CADebugPrintf.h */,
				4E1967F91593CFEC0092A323 /* CAMath.h */,
				4E1967FA1593CFEC0092A323 /* CAStreamBasicDescription.cpp */,
				4E1967FB1593CFEC0092A323 /* CAStreamBasicDescription.h */,
				4E1967FC1593CFEC0092A323 /* CAXException.cpp */,
				4E1967FD1593CFEC0092A323 /* CAXException.h */,
			);
			path = PublicUtility;
			sourceTree = "<group>";
		};
		A963512E0DD3A090009703E2 /* Frameworks */ = {
			isa = PBXGroup;
			children = (
				9286192D0819D47100813FBA /* AudioToolbox.framework */,
				A94087E7083132720031D1A4 /* CoreFoundation.framework */,
			);
			name = Frameworks;
			sourceTree = "<group>";
		};
/* End PBXGroup section */

/* Begin PBXNativeTarget section */
		8DD76F620486A84900D96B5E /* UseAC-AF */ = {
			isa = PBXNativeTarget;
			buildConfigurationList = A9E1620C087B60B6006BF7C2 /* Build configuration list for PBXNativeTarget "UseAC-AF" */;
			buildPhases = (
				8DD76F640486A84900D96B5E /* Sources */,
				8DD76F660486A84900D96B5E /* Frameworks */,
				8DD76F690486A84900D96B5E /* CopyFiles */,
			);
			buildRules = (
			);
			dependencies = (
			);
			name = "UseAC-AF";
			productInstallPath = "$(HOME)/bin";
			productName = convert2ima;
			productReference = 8DD76F6C0486A84900D96B5E /* ConvertFile */;
			productType = "com.apple.product-type.tool";
		};
		A92B931108884AC1001F57E6 /* UseExtAF */ = {
			isa = PBXNativeTarget;
			buildConfigurationList = A92B931C08884AC1001F57E6 /* Build configuration list for PBXNativeTarget "UseExtAF" */;
			buildPhases = (
				A92B931208884AC1001F57E6 /* Sources */,
				A92B931608884AC1001F57E6 /* Frameworks */,
				A92B931908884AC1001F57E6 /* CopyFiles */,
			);
			buildRules = (
			);
			dependencies = (
			);
			name = UseExtAF;
			productInstallPath = "$(HOME)/bin";
			productName = convert2ima;
			productReference = A92B932008884AC1001F57E6 /* ConvertFile */;
			productType = "com.apple.product-type.tool";
		};
/* End PBXNativeTarget section */

/* Begin PBXProject section */
		08FB7793FE84155DC02AAC07 /* Project object */ = {
			isa = PBXProject;
			attributes = {
				LastUpgradeCheck = 0430;
			};
			buildConfigurationList = A9E16210087B60B6006BF7C2 /* Build configuration list for PBXProject "ConvertFile" */;
			compatibilityVersion = "Xcode 3.2";
			developmentRegion = English;
			hasScannedForEncodings = 1;
			knownRegions = (
				en,
			);
			mainGroup = 08FB7794FE84155DC02AAC07 /* convert2ima */;
			projectDirPath = "";
			projectRoot = "";
			targets = (
				8DD76F620486A84900D96B5E /* UseAC-AF */,
				A92B931108884AC1001F57E6 /* UseExtAF */,
			);
		};
/* End PBXProject section */

/* Begin PBXSourcesBuildPhase section */
		8DD76F640486A84900D96B5E /* Sources */ = {
			isa = PBXSourcesBuildPhase;
			buildActionMask = 2147483647;
			files = (
				A92B92FF088849FC001F57E6 /* UseAC-AF.cpp in Sources */,
				A92B93BE08886FBE001F57E6 /* utils.cpp in Sources */,
				4E1967FE1593CFEC0092A323 /* CAStreamBasicDescription.cpp in Sources */,
				4E1968031593D4110092A323 /* CAXException.cpp in Sources */,
			);
			runOnlyForDeploymentPostprocessing = 0;
		};
		A92B931208884AC1001F57E6 /* Sources */ = {
			isa = PBXSourcesBuildPhase;
			buildActionMask = 2147483647;
			files = (
				A92B936C08886619001F57E6 /* UseExtAF.cpp in Sources */,
				A92B93BD08886FBE001F57E6 /* utils.cpp in Sources */,
				4E1967FF1593CFEC0092A323 /* CAStreamBasicDescription.cpp in Sources */,
				4E1968041593D4120092A323 /* CAXException.cpp in Sources */,
			);
			runOnlyForDeploymentPostprocessing = 0;
		};
/* End PBXSourcesBuildPhase section */

/* Begin XCBuildConfiguration section */
		A92B931D08884AC1001F57E6 /* Development */ = {
			isa = XCBuildConfiguration;
			buildSettings = {
				GCC_MODEL_TUNING = G5;
				GCC_OPTIMIZATION_LEVEL = 0;
				GCC_WARN_ABOUT_RETURN_TYPE = YES;
				GCC_WARN_UNUSED_VARIABLE = YES;
				INSTALL_PATH = "$(HOME)/bin";
				MACOSX_DEPLOYMENT_TARGET = "";
				PRODUCT_NAME = ConvertFile;
			};
			name = Development;
		};
		A92B931E08884AC1001F57E6 /* Deployment */ = {
			isa = XCBuildConfiguration;
			buildSettings = {
				ARCHS = "$(ARCHS_STANDARD_32_64_BIT)";
				GCC_MODEL_TUNING = G5;
				GCC_WARN_ABOUT_RETURN_TYPE = YES;
				GCC_WARN_UNUSED_VARIABLE = YES;
				INSTALL_PATH = "$(HOME)/bin";
				MACOSX_DEPLOYMENT_TARGET = "";
				PRODUCT_NAME = ConvertFile;
			};
			name = Deployment;
		};
		A92B931F08884AC1001F57E6 /* Default */ = {
			isa = XCBuildConfiguration;
			buildSettings = {
				ARCHS = "$(ARCHS_STANDARD_32_64_BIT)";
				GCC_MODEL_TUNING = G5;
				GCC_WARN_ABOUT_RETURN_TYPE = YES;
				GCC_WARN_UNUSED_VARIABLE = YES;
				INSTALL_PATH = "$(HOME)/bin";
				MACOSX_DEPLOYMENT_TARGET = "";
				PRODUCT_NAME = ConvertFile;
			};
			name = Default;
		};
		A9E1620D087B60B6006BF7C2 /* Development */ = {
			isa = XCBuildConfiguration;
			buildSettings = {
				GCC_MODEL_TUNING = G5;
				GCC_OPTIMIZATION_LEVEL = 0;
				GCC_WARN_ABOUT_RETURN_TYPE = YES;
				GCC_WARN_UNUSED_VARIABLE = YES;
				INSTALL_PATH = "$(HOME)/bin";
				MACOSX_DEPLOYMENT_TARGET = "";
				PRODUCT_NAME = ConvertFile;
			};
			name = Development;
		};
		A9E1620E087B60B6006BF7C2 /* Deployment */ = {
			isa = XCBuildConfiguration;
			buildSettings = {
				ARCHS = "$(ARCHS_STANDARD_32_64_BIT)";
				GCC_MODEL_TUNING = G5;
				GCC_WARN_ABOUT_RETURN_TYPE = YES;
				GCC_WARN_UNUSED_VARIABLE = YES;
				INSTALL_PATH = "$(HOME)/bin";
				MACOSX_DEPLOYMENT_TARGET = "";
				PRODUCT_NAME = ConvertFile;
			};
			name = Deployment;
		};
		A9E1620F087B60B6006BF7C2 /* Default */ = {
			isa = XCBuildConfiguration;
			buildSettings = {
				ARCHS = "$(ARCHS_STANDARD_32_64_BIT)";
				GCC_MODEL_TUNING = G5;
				GCC_WARN_ABOUT_RETURN_TYPE = YES;
				GCC_WARN_UNUSED_VARIABLE = YES;
				INSTALL_PATH = "$(HOME)/bin";
				MACOSX_DEPLOYMENT_TARGET = "";
				PRODUCT_NAME = ConvertFile;
			};
			name = Default;
		};
		A9E16211087B60B6006BF7C2 /* Development */ = {
			isa = XCBuildConfiguration;
			buildSettings = {
				ARCHS = "$(ARCHS_STANDARD_32_64_BIT)";
				MACOSX_DEPLOYMENT_TARGET = "";
				ONLY_ACTIVE_ARCH = YES;
				OTHER_CFLAGS = "-DDEBUG=1";
			};
			name = Development;
		};
		A9E16212087B60B6006BF7C2 /* Deployment */ = {
			isa = XCBuildConfiguration;
			buildSettings = {
				ARCHS = "$(ARCHS_STANDARD_32_64_BIT)";
				ARCHS_STANDARD_32_64_BIT_PRE_XCODE_3_1 = "ppc i386 ppc64 x86_64";
				MACOSX_DEPLOYMENT_TARGET = "";
			};
			name = Deployment;
		};
		A9E16213087B60B6006BF7C2 /* Default */ = {
			isa = XCBuildConfiguration;
			buildSettings = {
				ARCHS = "$(ARCHS_STANDARD_32_64_BIT)";
				ARCHS_STANDARD_32_64_BIT_PRE_XCODE_3_1 = "ppc i386 ppc64 x86_64";
				MACOSX_DEPLOYMENT_TARGET = "";
			};
			name = Default;
		};
/* End XCBuildConfiguration section */

/* Begin XCConfigurationList section */
		A92B931C08884AC1001F57E6 /* Build configuration list for PBXNativeTarget "UseExtAF" */ = {
			isa = XCConfigurationList;
			buildConfigurations = (
				A92B931D08884AC1001F57E6 /* Development */,
				A92B931E08884AC1001F57E6 /* Deployment */,
				A92B931F08884AC1001F57E6 /* Default */,
			);
			defaultConfigurationIsVisible = 0;
			defaultConfigurationName = Default;
		};
		A9E1620C087B60B6006BF7C2 /* Build configuration list for PBXNativeTarget "UseAC-AF" */ = {
			isa = XCConfigurationList;
			buildConfigurations = (
				A9E1620D087B60B6006BF7C2 /* Development */,
				A9E1620E087B60B6006BF7C2 /* Deployment */,
				A9E1620F087B60B6006BF7C2 /* Default */,
			);
			defaultConfigurationIsVisible = 0;
			defaultConfigurationName = Default;
		};
		A9E16210087B60B6006BF7C2 /* Build configuration list for PBXProject "ConvertFile" */ = {
			isa = XCConfigurationList;
			buildConfigurations = (
				A9E16211087B60B6006BF7C2 /* Development */,
				A9E16212087B60B6006BF7C2 /* Deployment */,
				A9E16213087B60B6006BF7C2 /* Default */,
			);
			defaultConfigurationIsVisible = 0;
			defaultConfigurationName = Default;
		};
/* End XCConfigurationList section */
	};
	rootObject = 08FB7793FE84155DC02AAC07 /* Project object */;
}
