// !$*UTF8*$!
{
	archiveVersion = 1;
	classes = {
	};
	objectVersion = 46;
	objects = {

/* Begin PBXBuildFile section */
		D008D56613E7538C002E1F7A /* main.m in Sources */ = {isa = PBXBuildFile; fileRef = D0E7A74613C5080D00BAF2AE /* main.m */; };
		D0BDA98A1408144B00F3BC36 /* MainMenu.xib in Resources */ = {isa = PBXBuildFile; fileRef = D0BDA9881408144B00F3BC36 /* MainMenu.xib */; };
		D0E7A73B13C5080D00BAF2AE /* Cocoa.framework in Frameworks */ = {isa = PBXBuildFile; fileRef = D0E7A73A13C5080D00BAF2AE /* Cocoa.framework */; };
		D0E7A76813C5089C00BAF2AE /* FauxUIElement.m in Sources */ = {isa = PBXBuildFile; fileRef = D0E7A76013C5089C00BAF2AE /* FauxUIElement.m */; };
		D0E7A76913C5089C00BAF2AE /* FoodPyramid.html in Resources */ = {isa = PBXBuildFile; fileRef = D0E7A76113C5089C00BAF2AE /* FoodPyramid.html */; };
		D0E7A76A13C5089C00BAF2AE /* ImageMap.m in Sources */ = {isa = PBXBuildFile; fileRef = D0E7A76313C5089C00BAF2AE /* ImageMap.m */; };
		D0E7A76B13C5089C00BAF2AE /* ImageMapAccessibility.m in Sources */ = {isa = PBXBuildFile; fileRef = D0E7A76413C5089C00BAF2AE /* ImageMapAccessibility.m */; };
		D0E7A76C13C5089C00BAF2AE /* ImageMapExampleController.m in Sources */ = {isa = PBXBuildFile; fileRef = D0E7A76613C5089C00BAF2AE /* ImageMapExampleController.m */; };
		D0E7A77813C508BB00BAF2AE /* README.txt in Resources */ = {isa = PBXBuildFile; fileRef = D0E7A77213C508BB00BAF2AE /* README.txt */; };
		D0E7A77D13C508D300BAF2AE /* FoodPyramid.gif in Resources */ = {isa = PBXBuildFile; fileRef = D0E7A77913C508D300BAF2AE /* FoodPyramid.gif */; };
		D0E7A77E13C508D300BAF2AE /* InvisibleHotSpots.gif in Resources */ = {isa = PBXBuildFile; fileRef = D0E7A77A13C508D300BAF2AE /* InvisibleHotSpots.gif */; };
		D0E7A77F13C508D300BAF2AE /* RolloverHighlighting.gif in Resources */ = {isa = PBXBuildFile; fileRef = D0E7A77B13C508D300BAF2AE /* RolloverHighlighting.gif */; };
		D0E7A78013C508D300BAF2AE /* VisibleHotSpots.gif in Resources */ = {isa = PBXBuildFile; fileRef = D0E7A77C13C508D300BAF2AE /* VisibleHotSpots.gif */; };
		D0E7A78413C5095900BAF2AE /* InfoPlist.strings in Resources */ = {isa = PBXBuildFile; fileRef = D0E7A78613C5095900BAF2AE /* InfoPlist.strings */; };
		D0E7A78713C5095D00BAF2AE /* Credits.rtf in Resources */ = {isa = PBXBuildFile; fileRef = D0E7A78913C5095D00BAF2AE /* Credits.rtf */; };
/* End PBXBuildFile section */

/* Begin PBXFileReference section */
		D0BDA9891408144B00F3BC36 /* en */ = {isa = PBXFileReference; lastKnownFileType = file.xib; name = en; path = en.lproj/MainMenu.xib; sourceTree = SOURCE_ROOT; };
		D0E7A73613C5080D00BAF2AE /* ImageMapExample.app */ = {isa = PBXFileReference; explicitFileType = wrapper.application; includeInIndex = 0; path = ImageMapExample.app; sourceTree = BUILT_PRODUCTS_DIR; };
		D0E7A73A13C5080D00BAF2AE /* Cocoa.framework */ = {isa = PBXFileReference; lastKnownFileType = wrapper.framework; name = Cocoa.framework; path = System/Library/Frameworks/Cocoa.framework; sourceTree = SDKROOT; };
		D0E7A73D13C5080D00BAF2AE /* AppKit.framework */ = {isa = PBXFileReference; lastKnownFileType = wrapper.framework; name = AppKit.framework; path = System/Library/Frameworks/AppKit.framework; sourceTree = SDKROOT; };
		D0E7A73E13C5080D00BAF2AE /* CoreData.framework */ = {isa = PBXFileReference; lastKnownFileType = wrapper.framework; name = CoreData.framework; path = System/Library/Frameworks/CoreData.framework; sourceTree = SDKROOT; };
		D0E7A73F13C5080D00BAF2AE /* Foundation.framework */ = {isa = PBXFileReference; lastKnownFileType = wrapper.framework; name = Foundation.framework; path = System/Library/Frameworks/Foundation.framework; sourceTree = SDKROOT; };
		D0E7A74613C5080D00BAF2AE /* main.m */ = {isa = PBXFileReference; lastKnownFileType = sourcecode.c.objc; path = main.m; sourceTree = "<group>"; };
		D0E7A75B13C5087D00BAF2AE /* ImageMapExample_Prefix.pch */ = {isa = PBXFileReference; fileEncoding = 4; lastKnownFileType = sourcecode.c.h; name = ImageMapExample_Prefix.pch; path = ImageMapExample/ImageMapExample_Prefix.pch; sourceTree = SOURCE_ROOT; };
		D0E7A75C13C5087D00BAF2AE /* Info.plist */ = {isa = PBXFileReference; fileEncoding = 4; lastKnownFileType = text.plist.xml; path = Info.plist; sourceTree = SOURCE_ROOT; };
		D0E7A75F13C5089C00BAF2AE /* FauxUIElement.h */ = {isa = PBXFileReference; fileEncoding = 4; lastKnownFileType = sourcecode.c.h; name = FauxUIElement.h; path = ImageMapExample/FauxUIElement.h; sourceTree = SOURCE_ROOT; };
		D0E7A76013C5089C00BAF2AE /* FauxUIElement.m */ = {isa = PBXFileReference; fileEncoding = 4; lastKnownFileType = sourcecode.c.objc; name = FauxUIElement.m; path = ImageMapExample/FauxUIElement.m; sourceTree = SOURCE_ROOT; };
		D0E7A76113C5089C00BAF2AE /* FoodPyramid.html */ = {isa = PBXFileReference; fileEncoding = 4; lastKnownFileType = text.html; path = FoodPyramid.html; sourceTree = SOURCE_ROOT; };
		D0E7A76213C5089C00BAF2AE /* ImageMap.h */ = {isa = PBXFileReference; fileEncoding = 4; lastKnownFileType = sourcecode.c.h; name = ImageMap.h; path = ImageMapExample/ImageMap.h; sourceTree = SOURCE_ROOT; };
		D0E7A76313C5089C00BAF2AE /* ImageMap.m */ = {isa = PBXFileReference; fileEncoding = 4; lastKnownFileType = sourcecode.c.objc; name = ImageMap.m; path = ImageMapExample/ImageMap.m; sourceTree = SOURCE_ROOT; };
		D0E7A76413C5089C00BAF2AE /* ImageMapAccessibility.m */ = {isa = PBXFileReference; fileEncoding = 4; lastKnownFileType = sourcecode.c.objc; name = ImageMapAccessibility.m; path = ImageMapExample/ImageMapAccessibility.m; sourceTree = SOURCE_ROOT; };
		D0E7A76513C5089C00BAF2AE /* ImageMapExampleController.h */ = {isa = PBXFileReference; fileEncoding = 4; lastKnownFileType = sourcecode.c.h; name = ImageMapExampleController.h; path = ImageMapExample/ImageMapExampleController.h; sourceTree = SOURCE_ROOT; };
		D0E7A76613C5089C00BAF2AE /* ImageMapExampleController.m */ = {isa = PBXFileReference; fileEncoding = 4; lastKnownFileType = sourcecode.c.objc; name = ImageMapExampleController.m; path = ImageMapExample/ImageMapExampleController.m; sourceTree = SOURCE_ROOT; };
		D0E7A76713C5089C00BAF2AE /* ImageMapPrivate.h */ = {isa = PBXFileReference; fileEncoding = 4; lastKnownFileType = sourcecode.c.h; name = ImageMapPrivate.h; path = ImageMapExample/ImageMapPrivate.h; sourceTree = SOURCE_ROOT; };
		D0E7A77213C508BB00BAF2AE /* README.txt */ = {isa = PBXFileReference; fileEncoding = 4; lastKnownFileType = text; path = README.txt; sourceTree = SOURCE_ROOT; };
		D0E7A77913C508D300BAF2AE /* FoodPyramid.gif */ = {isa = PBXFileReference; lastKnownFileType = image.gif; path = FoodPyramid.gif; sourceTree = SOURCE_ROOT; };
		D0E7A77A13C508D300BAF2AE /* InvisibleHotSpots.gif */ = {isa = PBXFileReference; lastKnownFileType = image.gif; path = InvisibleHotSpots.gif; sourceTree = SOURCE_ROOT; };
		D0E7A77B13C508D300BAF2AE /* RolloverHighlighting.gif */ = {isa = PBXFileReference; lastKnownFileType = image.gif; path = RolloverHighlighting.gif; sourceTree = SOURCE_ROOT; };
		D0E7A77C13C508D300BAF2AE /* VisibleHotSpots.gif */ = {isa = PBXFileReference; lastKnownFileType = image.gif; path = VisibleHotSpots.gif; sourceTree = SOURCE_ROOT; };
		D0E7A78513C5095900BAF2AE /* en */ = {isa = PBXFileReference; fileEncoding = 10; lastKnownFileType = text.plist.strings; name = en; path = en.lproj/InfoPlist.strings; sourceTree = "<group>"; };
		D0E7A78813C5095D00BAF2AE /* en */ = {isa = PBXFileReference; lastKnownFileType = text.rtf; name = en; path = en.lproj/Credits.rtf; sourceTree = "<group>"; };
/* End PBXFileReference section */

/* Begin PBXFrameworksBuildPhase section */
		D0E7A73313C5080D00BAF2AE /* Frameworks */ = {
			isa = PBXFrameworksBuildPhase;
			buildActionMask = 2147483647;
			files = (
				D0E7A73B13C5080D00BAF2AE /* Cocoa.framework in Frameworks */,
			);
			runOnlyForDeploymentPostprocessing = 0;
		};
/* End PBXFrameworksBuildPhase section */

/* Begin PBXGroup section */
		D0E7A72B13C5080D00BAF2AE = {
			isa = PBXGroup;
			children = (
				D0E7A77213C508BB00BAF2AE /* README.txt */,
				D0E7A74013C5080D00BAF2AE /* ImageMapExample */,
				D0E7A73913C5080D00BAF2AE /* Frameworks */,
				D0E7A73713C5080D00BAF2AE /* Products */,
			);
			sourceTree = "<group>";
		};
		D0E7A73713C5080D00BAF2AE /* Products */ = {
			isa = PBXGroup;
			children = (
				D0E7A73613C5080D00BAF2AE /* ImageMapExample.app */,
			);
			name = Products;
			sourceTree = "<group>";
		};
		D0E7A73913C5080D00BAF2AE /* Frameworks */ = {
			isa = PBXGroup;
			children = (
				D0E7A73A13C5080D00BAF2AE /* Cocoa.framework */,
				D0E7A73C13C5080D00BAF2AE /* Other Frameworks */,
			);
			name = Frameworks;
			sourceTree = "<group>";
		};
		D0E7A73C13C5080D00BAF2AE /* Other Frameworks */ = {
			isa = PBXGroup;
			children = (
				D0E7A73D13C5080D00BAF2AE /* AppKit.framework */,
				D0E7A73E13C5080D00BAF2AE /* CoreData.framework */,
				D0E7A73F13C5080D00BAF2AE /* Foundation.framework */,
			);
			name = "Other Frameworks";
			sourceTree = "<group>";
		};
		D0E7A74013C5080D00BAF2AE /* ImageMapExample */ = {
			isa = PBXGroup;
			children = (
				D0E7A75F13C5089C00BAF2AE /* FauxUIElement.h */,
				D0E7A76013C5089C00BAF2AE /* FauxUIElement.m */,
				D0E7A76113C5089C00BAF2AE /* FoodPyramid.html */,
				D0E7A76213C5089C00BAF2AE /* ImageMap.h */,
				D0E7A76313C5089C00BAF2AE /* ImageMap.m */,
				D0E7A76413C5089C00BAF2AE /* ImageMapAccessibility.m */,
				D0E7A76513C5089C00BAF2AE /* ImageMapExampleController.h */,
				D0E7A76613C5089C00BAF2AE /* ImageMapExampleController.m */,
				D0E7A76713C5089C00BAF2AE /* ImageMapPrivate.h */,
				D0E7A74613C5080D00BAF2AE /* main.m */,
				D0E7A75C13C5087D00BAF2AE /* Info.plist */,
				D0E7A74113C5080D00BAF2AE /* Supporting Files */,
			);
			path = ImageMapExample;
			sourceTree = "<group>";
		};
		D0E7A74113C5080D00BAF2AE /* Supporting Files */ = {
			isa = PBXGroup;
			children = (
				D0BDA9881408144B00F3BC36 /* MainMenu.xib */,
				D0E7A75B13C5087D00BAF2AE /* ImageMapExample_Prefix.pch */,
				D0E7A77913C508D300BAF2AE /* FoodPyramid.gif */,
				D0E7A77A13C508D300BAF2AE /* InvisibleHotSpots.gif */,
				D0E7A77B13C508D300BAF2AE /* RolloverHighlighting.gif */,
				D0E7A77C13C508D300BAF2AE /* VisibleHotSpots.gif */,
				D0E7A78613C5095900BAF2AE /* InfoPlist.strings */,
				D0E7A78913C5095D00BAF2AE /* Credits.rtf */,
			);
			name = "Supporting Files";
			sourceTree = "<group>";
		};
/* End PBXGroup section */

/* Begin PBXNativeTarget section */
		D0E7A73513C5080D00BAF2AE /* ImageMapExample */ = {
			isa = PBXNativeTarget;
			buildConfigurationList = D0E7A75413C5080D00BAF2AE /* Build configuration list for PBXNativeTarget "ImageMapExample" */;
			buildPhases = (
				D0E7A73213C5080D00BAF2AE /* Sources */,
				D0E7A73313C5080D00BAF2AE /* Frameworks */,
				D0E7A73413C5080D00BAF2AE /* Resources */,
			);
			buildRules = (
			);
			dependencies = (
			);
			name = ImageMapExample;
			productName = ImageMapExample;
			productReference = D0E7A73613C5080D00BAF2AE /* ImageMapExample.app */;
			productType = "com.apple.product-type.application";
		};
/* End PBXNativeTarget section */

/* Begin PBXProject section */
		D0E7A72D13C5080D00BAF2AE /* Project object */ = {
			isa = PBXProject;
			attributes = {
				LastUpgradeCheck = 0420;
				ORGANIZATIONNAME = "Apple, Inc";
			};
			buildConfigurationList = D0E7A73013C5080D00BAF2AE /* Build configuration list for PBXProject "ImageMapExample" */;
			compatibilityVersion = "Xcode 3.2";
			developmentRegion = English;
			hasScannedForEncodings = 0;
			knownRegions = (
				en,
			);
			mainGroup = D0E7A72B13C5080D00BAF2AE;
			productRefGroup = D0E7A73713C5080D00BAF2AE /* Products */;
			projectDirPath = "";
			projectRoot = "";
			targets = (
				D0E7A73513C5080D00BAF2AE /* ImageMapExample */,
			);
		};
/* End PBXProject section */

/* Begin PBXResourcesBuildPhase section */
		D0E7A73413C5080D00BAF2AE /* Resources */ = {
			isa = PBXResourcesBuildPhase;
			buildActionMask = 2147483647;
			files = (
				D0E7A76913C5089C00BAF2AE /* FoodPyramid.html in Resources */,
				D0E7A78413C5095900BAF2AE /* InfoPlist.strings in Resources */,
				D0E7A78713C5095D00BAF2AE /* Credits.rtf in Resources */,
				D0E7A77813C508BB00BAF2AE /* README.txt in Resources */,
				D0E7A77D13C508D300BAF2AE /* FoodPyramid.gif in Resources */,
				D0E7A77E13C508D300BAF2AE /* InvisibleHotSpots.gif in Resources */,
				D0E7A77F13C508D300BAF2AE /* RolloverHighlighting.gif in Resources */,
				D0E7A78013C508D300BAF2AE /* VisibleHotSpots.gif in Resources */,
				D0BDA98A1408144B00F3BC36 /* MainMenu.xib in Resources */,
			);
			runOnlyForDeploymentPostprocessing = 0;
		};
/* End PBXResourcesBuildPhase section */

/* Begin PBXSourcesBuildPhase section */
		D0E7A73213C5080D00BAF2AE /* Sources */ = {
			isa = PBXSourcesBuildPhase;
			buildActionMask = 2147483647;
			files = (
				D008D56613E7538C002E1F7A /* main.m in Sources */,
				D0E7A76813C5089C00BAF2AE /* FauxUIElement.m in Sources */,
				D0E7A76A13C5089C00BAF2AE /* ImageMap.m in Sources */,
				D0E7A76B13C5089C00BAF2AE /* ImageMapAccessibility.m in Sources */,
				D0E7A76C13C5089C00BAF2AE /* ImageMapExampleController.m in Sources */,
			);
			runOnlyForDeploymentPostprocessing = 0;
		};
/* End PBXSourcesBuildPhase section */

/* Begin PBXVariantGroup section */
		D0BDA9881408144B00F3BC36 /* MainMenu.xib */ = {
			isa = PBXVariantGroup;
			children = (
				D0BDA9891408144B00F3BC36 /* en */,
			);
			name = MainMenu.xib;
			sourceTree = "<group>";
		};
		D0E7A78613C5095900BAF2AE /* InfoPlist.strings */ = {
			isa = PBXVariantGroup;
			children = (
				D0E7A78513C5095900BAF2AE /* en */,
			);
			name = InfoPlist.strings;
			sourceTree = SOURCE_ROOT;
		};
		D0E7A78913C5095D00BAF2AE /* Credits.rtf */ = {
			isa = PBXVariantGroup;
			children = (
				D0E7A78813C5095D00BAF2AE /* en */,
			);
			name = Credits.rtf;
			sourceTree = SOURCE_ROOT;
		};
/* End PBXVariantGroup section */

/* Begin XCBuildConfiguration section */
		D0E7A75213C5080D00BAF2AE /* Debug */ = {
			isa = XCBuildConfiguration;
			buildSettings = {
				ALWAYS_SEARCH_USER_PATHS = NO;
				ARCHS = "$(ARCHS_STANDARD_32_64_BIT)";
				CLANG_ENABLE_OBJC_ARC = NO;
				COPY_PHASE_STRIP = NO;
				DEBUG_INFORMATION_FORMAT = dwarf;
				GCC_C_LANGUAGE_STANDARD = gnu99;
				GCC_DYNAMIC_NO_PIC = NO;
				GCC_ENABLE_OBJC_EXCEPTIONS = YES;
				GCC_OPTIMIZATION_LEVEL = 0;
				GCC_PREPROCESSOR_DEFINITIONS = (
					"DEBUG=1",
					"$(inherited)",
				);
				GCC_SYMBOLS_PRIVATE_EXTERN = NO;
				GCC_VERSION = "";
				GCC_WARN_64_TO_32_BIT_CONVERSION = YES;
				GCC_WARN_ABOUT_MISSING_PROTOTYPES = YES;
				GCC_WARN_ABOUT_RETURN_TYPE = YES;
				GCC_WARN_UNUSED_VARIABLE = YES;
				MACOSX_DEPLOYMENT_TARGET = 10.6;
				ONLY_ACTIVE_ARCH = YES;
				SDKROOT = macosx;
			};
			name = Debug;
		};
		D0E7A75313C5080D00BAF2AE /* Release */ = {
			isa = XCBuildConfiguration;
			buildSettings = {
				ALWAYS_SEARCH_USER_PATHS = NO;
				ARCHS = "$(ARCHS_STANDARD_32_64_BIT)";
				CLANG_ENABLE_OBJC_ARC = NO;
				COPY_PHASE_STRIP = YES;
				DEBUG_INFORMATION_FORMAT = "dwarf-with-dsym";
				GCC_C_LANGUAGE_STANDARD = gnu99;
				GCC_ENABLE_OBJC_EXCEPTIONS = YES;
				GCC_VERSION = "";
				GCC_WARN_64_TO_32_BIT_CONVERSION = YES;
				GCC_WARN_ABOUT_MISSING_PROTOTYPES = YES;
				GCC_WARN_ABOUT_RETURN_TYPE = YES;
				GCC_WARN_UNUSED_VARIABLE = YES;
				MACOSX_DEPLOYMENT_TARGET = 10.6;
				SDKROOT = macosx;
			};
			name = Release;
		};
		D0E7A75513C5080D00BAF2AE /* Debug */ = {
			isa = XCBuildConfiguration;
			buildSettings = {
				GCC_PRECOMPILE_PREFIX_HEADER = YES;
				GCC_PREFIX_HEADER = ImageMapExample/ImageMapExample_Prefix.pch;
				GCC_VERSION = com.apple.compilers.llvm.clang.1_0;
				INFOPLIST_FILE = Info.plist;
				PRODUCT_NAME = "$(TARGET_NAME)";
				WRAPPER_EXTENSION = app;
			};
			name = Debug;
		};
		D0E7A75613C5080D00BAF2AE /* Release */ = {
			isa = XCBuildConfiguration;
			buildSettings = {
				GCC_PRECOMPILE_PREFIX_HEADER = YES;
				GCC_PREFIX_HEADER = ImageMapExample/ImageMapExample_Prefix.pch;
				GCC_VERSION = com.apple.compilers.llvm.clang.1_0;
				INFOPLIST_FILE = Info.plist;
				PRODUCT_NAME = "$(TARGET_NAME)";
				WRAPPER_EXTENSION = app;
			};
			name = Release;
		};
/* End XCBuildConfiguration section */

/* Begin XCConfigurationList section */
		D0E7A73013C5080D00BAF2AE /* Build configuration list for PBXProject "ImageMapExample" */ = {
			isa = XCConfigurationList;
			buildConfigurations = (
				D0E7A75213C5080D00BAF2AE /* Debug */,
				D0E7A75313C5080D00BAF2AE /* Release */,
			);
			defaultConfigurationIsVisible = 0;
			defaultConfigurationName = Release;
		};
		D0E7A75413C5080D00BAF2AE /* Build configuration list for PBXNativeTarget "ImageMapExample" */ = {
			isa = XCConfigurationList;
			buildConfigurations = (
				D0E7A75513C5080D00BAF2AE /* Debug */,
				D0E7A75613C5080D00BAF2AE /* Release */,
			);
			defaultConfigurationIsVisible = 0;
			defaultConfigurationName = Release;
		};
/* End XCConfigurationList section */
	};
	rootObject = D0E7A72D13C5080D00BAF2AE /* Project object */;
}
