// !$*UTF8*$!
{
	archiveVersion = 1;
	classes = {
	};
	objectVersion = 42;
	objects = {

/* Begin PBXAggregateTarget section */
		233B1B7D0BE6A63B00CDCBA3 /* Build All */ = {
			isa = PBXAggregateTarget;
			buildConfigurationList = 233B1B880BE6A68500CDCBA3 /* Build configuration list for PBXAggregateTarget "Build All" */;
			buildPhases = (
			);
			dependencies = (
				233B1B7F0BE6A65300CDCBA3 /* PBXTargetDependency */,
				233B1B830BE6A65900CDCBA3 /* PBXTargetDependency */,
			);
			name = "Build All";
			productName = "Build All";
		};
		233E2C640A83C768005A62DF /* Build & Copy */ = {
			isa = PBXAggregateTarget;
			buildConfigurationList = 233E2D890A83C7AC005A62DF /* Build configuration list for PBXAggregateTarget "Build & Copy" */;
			buildPhases = (
				233E2C690A83C783005A62DF /* ShellScript */,
			);
			dependencies = (
				233E2C660A83C76D005A62DF /* PBXTargetDependency */,
			);
			name = "Build & Copy";
			productName = "Build & Install";
		};
/* End PBXAggregateTarget section */

/* Begin PBXBuildFile section */
		16BA95420A7EB2EB001E4983 /* FastImagePlugIn.m in Sources */ = {isa = PBXBuildFile; fileRef = 16BA95410A7EB2EB001E4983 /* FastImagePlugIn.m */; };
		16BA96310A7EB9AC001E4983 /* Quartz.framework in Frameworks */ = {isa = PBXBuildFile; fileRef = 16BA96300A7EB9AC001E4983 /* Quartz.framework */; };
		842884590BCBFF46003152E1 /* PlaceHolder.png in Resources */ = {isa = PBXBuildFile; fileRef = 842884580BCBFF46003152E1 /* PlaceHolder.png */; };
		842884860BCBFFF4003152E1 /* Quartz.framework in Frameworks */ = {isa = PBXBuildFile; fileRef = 16BA96300A7EB9AC001E4983 /* Quartz.framework */; };
		842884870BCBFFF4003152E1 /* Cocoa.framework in Frameworks */ = {isa = PBXBuildFile; fileRef = 1058C7ADFEA557BF11CA2CBB /* Cocoa.framework */; };
		842884880BCC0010003152E1 /* PlaceHolder.png in Resources */ = {isa = PBXBuildFile; fileRef = 842884580BCBFF46003152E1 /* PlaceHolder.png */; };
		842884920BCC0094003152E1 /* FastImagePlugIn.m in Sources */ = {isa = PBXBuildFile; fileRef = 16BA95410A7EB2EB001E4983 /* FastImagePlugIn.m */; };
		842884BB0BCC0103003152E1 /* main.m in Sources */ = {isa = PBXBuildFile; fileRef = 842884B90BCC00D6003152E1 /* main.m */; };
		842884C50BCC0125003152E1 /* MainMenu.nib in Resources */ = {isa = PBXBuildFile; fileRef = 842884C30BCC0125003152E1 /* MainMenu.nib */; };
		842884C90BCC01C2003152E1 /* AppController.m in Sources */ = {isa = PBXBuildFile; fileRef = 842884C80BCC01C2003152E1 /* AppController.m */; };
		842884FC0BCC0630003152E1 /* Image.png in Resources */ = {isa = PBXBuildFile; fileRef = 842884FB0BCC0630003152E1 /* Image.png */; };
		842885130BCC076C003152E1 /* Composition.qtz in Resources */ = {isa = PBXBuildFile; fileRef = 842885120BCC076C003152E1 /* Composition.qtz */; };
		8D5B49B4048680CD000E48DA /* Cocoa.framework in Frameworks */ = {isa = PBXBuildFile; fileRef = 1058C7ADFEA557BF11CA2CBB /* Cocoa.framework */; };
/* End PBXBuildFile section */

/* Begin PBXContainerItemProxy section */
		233B1B7E0BE6A65300CDCBA3 /* PBXContainerItemProxy */ = {
			isa = PBXContainerItemProxy;
			containerPortal = 089C1669FE841209C02AAC07 /* Project object */;
			proxyType = 1;
			remoteGlobalIDString = 8428847F0BCBFFD6003152E1;
			remoteInfo = Application;
		};
		233B1B820BE6A65900CDCBA3 /* PBXContainerItemProxy */ = {
			isa = PBXContainerItemProxy;
			containerPortal = 089C1669FE841209C02AAC07 /* Project object */;
			proxyType = 1;
			remoteGlobalIDString = 8D5B49AC048680CD000E48DA;
			remoteInfo = FastImage;
		};
		233E2C650A83C76D005A62DF /* PBXContainerItemProxy */ = {
			isa = PBXContainerItemProxy;
			containerPortal = 089C1669FE841209C02AAC07 /* Project object */;
			proxyType = 1;
			remoteGlobalIDString = 8D5B49AC048680CD000E48DA;
			remoteInfo = iPatch;
		};
/* End PBXContainerItemProxy section */

/* Begin PBXFileReference section */
		1058C7ADFEA557BF11CA2CBB /* Cocoa.framework */ = {isa = PBXFileReference; lastKnownFileType = wrapper.framework; name = Cocoa.framework; path = /System/Library/Frameworks/Cocoa.framework; sourceTree = "<absolute>"; };
		16AA5C440A7EEE7300888E31 /* FastImage_Prefix.pch */ = {isa = PBXFileReference; fileEncoding = 30; lastKnownFileType = sourcecode.c.h; path = FastImage_Prefix.pch; sourceTree = "<group>"; };
		16BA95400A7EB2EB001E4983 /* FastImagePlugIn.h */ = {isa = PBXFileReference; fileEncoding = 30; lastKnownFileType = sourcecode.c.h; path = FastImagePlugIn.h; sourceTree = "<group>"; };
		16BA95410A7EB2EB001E4983 /* FastImagePlugIn.m */ = {isa = PBXFileReference; fileEncoding = 30; lastKnownFileType = sourcecode.c.objc; path = FastImagePlugIn.m; sourceTree = "<group>"; };
		16BA96300A7EB9AC001E4983 /* Quartz.framework */ = {isa = PBXFileReference; lastKnownFileType = wrapper.framework; name = Quartz.framework; path = /System/Library/Frameworks/Quartz.framework; sourceTree = "<absolute>"; };
		842884130BCBF940003152E1 /* ArgumentKeys.h */ = {isa = PBXFileReference; fileEncoding = 4; lastKnownFileType = sourcecode.c.h; path = ArgumentKeys.h; sourceTree = "<group>"; };
		842884580BCBFF46003152E1 /* PlaceHolder.png */ = {isa = PBXFileReference; lastKnownFileType = image.png; path = PlaceHolder.png; sourceTree = "<group>"; };
		842884800BCBFFD6003152E1 /* Application.app */ = {isa = PBXFileReference; explicitFileType = wrapper.application; includeInIndex = 0; path = Application.app; sourceTree = BUILT_PRODUCTS_DIR; };
		842884820BCBFFD6003152E1 /* Application-Info.plist */ = {isa = PBXFileReference; lastKnownFileType = text.plist.xml; path = "Application-Info.plist"; sourceTree = "<group>"; };
		842884B90BCC00D6003152E1 /* main.m */ = {isa = PBXFileReference; fileEncoding = 30; lastKnownFileType = sourcecode.c.objc; path = main.m; sourceTree = "<group>"; };
		842884C40BCC0125003152E1 /* English */ = {isa = PBXFileReference; lastKnownFileType = wrapper.nib; name = English; path = English.lproj/MainMenu.nib; sourceTree = "<group>"; };
		842884C70BCC01C2003152E1 /* AppController.h */ = {isa = PBXFileReference; fileEncoding = 30; lastKnownFileType = sourcecode.c.h; path = AppController.h; sourceTree = "<group>"; };
		842884C80BCC01C2003152E1 /* AppController.m */ = {isa = PBXFileReference; fileEncoding = 30; lastKnownFileType = sourcecode.c.objc; path = AppController.m; sourceTree = "<group>"; };
		842884FB0BCC0630003152E1 /* Image.png */ = {isa = PBXFileReference; lastKnownFileType = image.png; path = Image.png; sourceTree = "<group>"; };
		842885120BCC076C003152E1 /* Composition.qtz */ = {isa = PBXFileReference; lastKnownFileType = "video.quartz-composer"; path = Composition.qtz; sourceTree = "<group>"; };
		8D5B49B6048680CD000E48DA /* FastImage.plugin */ = {isa = PBXFileReference; explicitFileType = wrapper.cfbundle; includeInIndex = 0; path = FastImage.plugin; sourceTree = BUILT_PRODUCTS_DIR; };
		8D5B49B7048680CD000E48DA /* PlugIn-Info.plist */ = {isa = PBXFileReference; fileEncoding = 4; lastKnownFileType = text.plist.xml; path = "PlugIn-Info.plist"; sourceTree = "<group>"; };
/* End PBXFileReference section */

/* Begin PBXFrameworksBuildPhase section */
		8428847E0BCBFFD6003152E1 /* Frameworks */ = {
			isa = PBXFrameworksBuildPhase;
			buildActionMask = 2147483647;
			files = (
				842884860BCBFFF4003152E1 /* Quartz.framework in Frameworks */,
				842884870BCBFFF4003152E1 /* Cocoa.framework in Frameworks */,
			);
			runOnlyForDeploymentPostprocessing = 0;
		};
		8D5B49B3048680CD000E48DA /* Frameworks */ = {
			isa = PBXFrameworksBuildPhase;
			buildActionMask = 2147483647;
			files = (
				8D5B49B4048680CD000E48DA /* Cocoa.framework in Frameworks */,
				16BA96310A7EB9AC001E4983 /* Quartz.framework in Frameworks */,
			);
			runOnlyForDeploymentPostprocessing = 0;
		};
/* End PBXFrameworksBuildPhase section */

/* Begin PBXGroup section */
		089C166AFE841209C02AAC07 /* Quartz Composer Plug In */ = {
			isa = PBXGroup;
			children = (
				08FB77AFFE84173DC02AAC07 /* Classes */,
				32C88E010371C26100C91783 /* Other Sources */,
				089C167CFE841241C02AAC07 /* Resources */,
				089C1671FE841209C02AAC07 /* Frameworks */,
				19C28FB8FE9D52D311CA2CBB /* Products */,
			);
			name = "Quartz Composer Plug In";
			sourceTree = "<group>";
		};
		089C1671FE841209C02AAC07 /* Frameworks */ = {
			isa = PBXGroup;
			children = (
				16BA96300A7EB9AC001E4983 /* Quartz.framework */,
				1058C7ADFEA557BF11CA2CBB /* Cocoa.framework */,
			);
			name = Frameworks;
			sourceTree = "<group>";
		};
		089C167CFE841241C02AAC07 /* Resources */ = {
			isa = PBXGroup;
			children = (
				8D5B49B7048680CD000E48DA /* PlugIn-Info.plist */,
				842884820BCBFFD6003152E1 /* Application-Info.plist */,
				842884580BCBFF46003152E1 /* PlaceHolder.png */,
				842884FB0BCC0630003152E1 /* Image.png */,
				842885120BCC076C003152E1 /* Composition.qtz */,
				842884C30BCC0125003152E1 /* MainMenu.nib */,
			);
			name = Resources;
			sourceTree = "<group>";
		};
		08FB77AFFE84173DC02AAC07 /* Classes */ = {
			isa = PBXGroup;
			children = (
				842884C70BCC01C2003152E1 /* AppController.h */,
				842884C80BCC01C2003152E1 /* AppController.m */,
				16BA95400A7EB2EB001E4983 /* FastImagePlugIn.h */,
				16BA95410A7EB2EB001E4983 /* FastImagePlugIn.m */,
			);
			name = Classes;
			sourceTree = "<group>";
		};
		19C28FB8FE9D52D311CA2CBB /* Products */ = {
			isa = PBXGroup;
			children = (
				8D5B49B6048680CD000E48DA /* FastImage.plugin */,
				842884800BCBFFD6003152E1 /* Application.app */,
			);
			name = Products;
			sourceTree = "<group>";
		};
		32C88E010371C26100C91783 /* Other Sources */ = {
			isa = PBXGroup;
			children = (
				16AA5C440A7EEE7300888E31 /* FastImage_Prefix.pch */,
				842884130BCBF940003152E1 /* ArgumentKeys.h */,
				842884B90BCC00D6003152E1 /* main.m */,
			);
			name = "Other Sources";
			sourceTree = "<group>";
		};
/* End PBXGroup section */

/* Begin PBXNativeTarget section */
		8428847F0BCBFFD6003152E1 /* Application */ = {
			isa = PBXNativeTarget;
			buildConfigurationList = 842884830BCBFFD7003152E1 /* Build configuration list for PBXNativeTarget "Application" */;
			buildPhases = (
				8428847C0BCBFFD6003152E1 /* Resources */,
				8428847D0BCBFFD6003152E1 /* Sources */,
				8428847E0BCBFFD6003152E1 /* Frameworks */,
			);
			buildRules = (
			);
			dependencies = (
			);
			name = Application;
			productName = Application;
			productReference = 842884800BCBFFD6003152E1 /* Application.app */;
			productType = "com.apple.product-type.application";
		};
		8D5B49AC048680CD000E48DA /* FastImage */ = {
			isa = PBXNativeTarget;
			buildConfigurationList = 1DEB913A08733D840010E9CD /* Build configuration list for PBXNativeTarget "FastImage" */;
			buildPhases = (
				8D5B49AF048680CD000E48DA /* Resources */,
				8D5B49B1048680CD000E48DA /* Sources */,
				8D5B49B3048680CD000E48DA /* Frameworks */,
			);
			buildRules = (
			);
			dependencies = (
			);
			name = FastImage;
			productInstallPath = "$(HOME)/Library/Bundles";
			productName = "Quartz Composer Plug In";
			productReference = 8D5B49B6048680CD000E48DA /* FastImage.plugin */;
			productType = "com.apple.product-type.bundle";
		};
/* End PBXNativeTarget section */

/* Begin PBXProject section */
		089C1669FE841209C02AAC07 /* Project object */ = {
			isa = PBXProject;
			buildConfigurationList = 1DEB913E08733D840010E9CD /* Build configuration list for PBXProject "FastImage" */;
			compatibilityVersion = "Xcode 2.4";
			hasScannedForEncodings = 1;
			mainGroup = 089C166AFE841209C02AAC07 /* Quartz Composer Plug In */;
			projectDirPath = "";
			projectRoot = "";
			targets = (
				233B1B7D0BE6A63B00CDCBA3 /* Build All */,
				8428847F0BCBFFD6003152E1 /* Application */,
				8D5B49AC048680CD000E48DA /* FastImage */,
				233E2C640A83C768005A62DF /* Build & Copy */,
			);
		};
/* End PBXProject section */

/* Begin PBXResourcesBuildPhase section */
		8428847C0BCBFFD6003152E1 /* Resources */ = {
			isa = PBXResourcesBuildPhase;
			buildActionMask = 2147483647;
			files = (
				842884880BCC0010003152E1 /* PlaceHolder.png in Resources */,
				842884C50BCC0125003152E1 /* MainMenu.nib in Resources */,
				842884FC0BCC0630003152E1 /* Image.png in Resources */,
				842885130BCC076C003152E1 /* Composition.qtz in Resources */,
			);
			runOnlyForDeploymentPostprocessing = 0;
		};
		8D5B49AF048680CD000E48DA /* Resources */ = {
			isa = PBXResourcesBuildPhase;
			buildActionMask = 2147483647;
			files = (
				842884590BCBFF46003152E1 /* PlaceHolder.png in Resources */,
			);
			runOnlyForDeploymentPostprocessing = 0;
		};
/* End PBXResourcesBuildPhase section */

/* Begin PBXShellScriptBuildPhase section */
		233E2C690A83C783005A62DF /* ShellScript */ = {
			isa = PBXShellScriptBuildPhase;
			buildActionMask = 2147483647;
			files = (
			);
			inputPaths = (
			);
			outputPaths = (
			);
			runOnlyForDeploymentPostprocessing = 0;
			shellPath = /bin/sh;
			shellScript = "# This shell script simply copies the built plug-in to \"/Library/Graphics/Quartz Composer Plug-Ins\" and overrides any previous version at that location\n\nrm -rf \"/Library/Graphics/Quartz Composer Plug-Ins/FastImage.plugin\"\ncp -rf \"$BUILT_PRODUCTS_DIR/FastImage.plugin\" \"/Library/Graphics/Quartz Composer Plug-Ins/\"\n";
		};
/* End PBXShellScriptBuildPhase section */

/* Begin PBXSourcesBuildPhase section */
		8428847D0BCBFFD6003152E1 /* Sources */ = {
			isa = PBXSourcesBuildPhase;
			buildActionMask = 2147483647;
			files = (
				842884BB0BCC0103003152E1 /* main.m in Sources */,
				842884920BCC0094003152E1 /* FastImagePlugIn.m in Sources */,
				842884C90BCC01C2003152E1 /* AppController.m in Sources */,
			);
			runOnlyForDeploymentPostprocessing = 0;
		};
		8D5B49B1048680CD000E48DA /* Sources */ = {
			isa = PBXSourcesBuildPhase;
			buildActionMask = 2147483647;
			files = (
				16BA95420A7EB2EB001E4983 /* FastImagePlugIn.m in Sources */,
			);
			runOnlyForDeploymentPostprocessing = 0;
		};
/* End PBXSourcesBuildPhase section */

/* Begin PBXTargetDependency section */
		233B1B7F0BE6A65300CDCBA3 /* PBXTargetDependency */ = {
			isa = PBXTargetDependency;
			target = 8428847F0BCBFFD6003152E1 /* Application */;
			targetProxy = 233B1B7E0BE6A65300CDCBA3 /* PBXContainerItemProxy */;
		};
		233B1B830BE6A65900CDCBA3 /* PBXTargetDependency */ = {
			isa = PBXTargetDependency;
			target = 8D5B49AC048680CD000E48DA /* FastImage */;
			targetProxy = 233B1B820BE6A65900CDCBA3 /* PBXContainerItemProxy */;
		};
		233E2C660A83C76D005A62DF /* PBXTargetDependency */ = {
			isa = PBXTargetDependency;
			target = 8D5B49AC048680CD000E48DA /* FastImage */;
			targetProxy = 233E2C650A83C76D005A62DF /* PBXContainerItemProxy */;
		};
/* End PBXTargetDependency section */

/* Begin PBXVariantGroup section */
		842884C30BCC0125003152E1 /* MainMenu.nib */ = {
			isa = PBXVariantGroup;
			children = (
				842884C40BCC0125003152E1 /* English */,
			);
			name = MainMenu.nib;
			sourceTree = "<group>";
		};
/* End PBXVariantGroup section */

/* Begin XCBuildConfiguration section */
		1DEB913B08733D840010E9CD /* Debug */ = {
			isa = XCBuildConfiguration;
			buildSettings = {
				GCC_DYNAMIC_NO_PIC = NO;
				GCC_ENABLE_FIX_AND_CONTINUE = YES;
				GCC_GENERATE_DEBUGGING_SYMBOLS = YES;
				GCC_OPTIMIZATION_LEVEL = 0;
				GCC_PRECOMPILE_PREFIX_HEADER = YES;
				GCC_PREFIX_HEADER = FastImage_Prefix.pch;
				INFOPLIST_FILE = "PlugIn-Info.plist";
				INSTALL_PATH = "/Library/Graphics/Quartz Composer Plug-Ins";
				PRODUCT_NAME = FastImage;
				SKIP_INSTALL = YES;
				WRAPPER_EXTENSION = plugin;
				ZERO_LINK = YES;
			};
			name = Debug;
		};
		1DEB913C08733D840010E9CD /* Release */ = {
			isa = XCBuildConfiguration;
			buildSettings = {
				GCC_GENERATE_DEBUGGING_SYMBOLS = NO;
				GCC_PRECOMPILE_PREFIX_HEADER = YES;
				GCC_PREFIX_HEADER = FastImage_Prefix.pch;
				INFOPLIST_FILE = "PlugIn-Info.plist";
				INSTALL_PATH = "/Library/Graphics/Quartz Composer Plug-Ins";
				PRODUCT_NAME = FastImage;
				SKIP_INSTALL = YES;
				WRAPPER_EXTENSION = plugin;
			};
			name = Release;
		};
		1DEB913F08733D840010E9CD /* Debug */ = {
			isa = XCBuildConfiguration;
			buildSettings = {
				ARCHS = "$(ARCHS_STANDARD_32_64_BIT_PRE_XCODE_3_1)";
				ARCHS_STANDARD_32_64_BIT_PRE_XCODE_3_1 = "x86_64 i386 ppc";
				SDKROOT = /Developer/SDKs/MacOSX10.5.sdk;
			};
			name = Debug;
		};
		1DEB914008733D840010E9CD /* Release */ = {
			isa = XCBuildConfiguration;
			buildSettings = {
				ARCHS = "$(ARCHS_STANDARD_32_64_BIT_PRE_XCODE_3_1)";
				ARCHS_STANDARD_32_64_BIT_PRE_XCODE_3_1 = "x86_64 i386 ppc";
				SDKROOT = /Developer/SDKs/MacOSX10.5.sdk;
			};
			name = Release;
		};
		233B1B890BE6A68500CDCBA3 /* Debug */ = {
			isa = XCBuildConfiguration;
			buildSettings = {
				PRODUCT_NAME = "Build All";
			};
			name = Debug;
		};
		233B1B8A0BE6A68500CDCBA3 /* Release */ = {
			isa = XCBuildConfiguration;
			buildSettings = {
				PRODUCT_NAME = "Build All";
			};
			name = Release;
		};
		233E2D8A0A83C7AC005A62DF /* Debug */ = {
			isa = XCBuildConfiguration;
			buildSettings = {
				COPY_PHASE_STRIP = NO;
				GCC_DYNAMIC_NO_PIC = NO;
				GCC_GENERATE_DEBUGGING_SYMBOLS = YES;
				GCC_OPTIMIZATION_LEVEL = 0;
				PRODUCT_NAME = "Build & Install";
			};
			name = Debug;
		};
		233E2D8B0A83C7AC005A62DF /* Release */ = {
			isa = XCBuildConfiguration;
			buildSettings = {
				COPY_PHASE_STRIP = YES;
				GCC_ENABLE_FIX_AND_CONTINUE = NO;
				GCC_GENERATE_DEBUGGING_SYMBOLS = NO;
				PRODUCT_NAME = "Build & Install";
				ZERO_LINK = NO;
			};
			name = Release;
		};
		842884840BCBFFD7003152E1 /* Debug */ = {
			isa = XCBuildConfiguration;
			buildSettings = {
				COPY_PHASE_STRIP = NO;
				GCC_DYNAMIC_NO_PIC = NO;
				GCC_GENERATE_DEBUGGING_SYMBOLS = YES;
				GCC_OPTIMIZATION_LEVEL = 0;
				INFOPLIST_FILE = "Application-Info.plist";
				INSTALL_PATH = "$(HOME)/Applications";
				PREBINDING = NO;
				PRODUCT_NAME = Application;
				SKIP_INSTALL = YES;
				WRAPPER_EXTENSION = app;
				ZERO_LINK = YES;
			};
			name = Debug;
		};
		842884850BCBFFD7003152E1 /* Release */ = {
			isa = XCBuildConfiguration;
			buildSettings = {
				COPY_PHASE_STRIP = YES;
				GCC_GENERATE_DEBUGGING_SYMBOLS = NO;
				INFOPLIST_FILE = "Application-Info.plist";
				INSTALL_PATH = "$(HOME)/Applications";
				PREBINDING = NO;
				PRODUCT_NAME = Application;
				SKIP_INSTALL = YES;
				WRAPPER_EXTENSION = app;
				ZERO_LINK = NO;
			};
			name = Release;
		};
/* End XCBuildConfiguration section */

/* Begin XCConfigurationList section */
		1DEB913A08733D840010E9CD /* Build configuration list for PBXNativeTarget "FastImage" */ = {
			isa = XCConfigurationList;
			buildConfigurations = (
				1DEB913B08733D840010E9CD /* Debug */,
				1DEB913C08733D840010E9CD /* Release */,
			);
			defaultConfigurationIsVisible = 0;
			defaultConfigurationName = Release;
		};
		1DEB913E08733D840010E9CD /* Build configuration list for PBXProject "FastImage" */ = {
			isa = XCConfigurationList;
			buildConfigurations = (
				1DEB913F08733D840010E9CD /* Debug */,
				1DEB914008733D840010E9CD /* Release */,
			);
			defaultConfigurationIsVisible = 0;
			defaultConfigurationName = Release;
		};
		233B1B880BE6A68500CDCBA3 /* Build configuration list for PBXAggregateTarget "Build All" */ = {
			isa = XCConfigurationList;
			buildConfigurations = (
				233B1B890BE6A68500CDCBA3 /* Debug */,
				233B1B8A0BE6A68500CDCBA3 /* Release */,
			);
			defaultConfigurationIsVisible = 0;
			defaultConfigurationName = Release;
		};
		233E2D890A83C7AC005A62DF /* Build configuration list for PBXAggregateTarget "Build & Copy" */ = {
			isa = XCConfigurationList;
			buildConfigurations = (
				233E2D8A0A83C7AC005A62DF /* Debug */,
				233E2D8B0A83C7AC005A62DF /* Release */,
			);
			defaultConfigurationIsVisible = 0;
			defaultConfigurationName = Release;
		};
		842884830BCBFFD7003152E1 /* Build configuration list for PBXNativeTarget "Application" */ = {
			isa = XCConfigurationList;
			buildConfigurations = (
				842884840BCBFFD7003152E1 /* Debug */,
				842884850BCBFFD7003152E1 /* Release */,
			);
			defaultConfigurationIsVisible = 0;
			defaultConfigurationName = Release;
		};
/* End XCConfigurationList section */
	};
	rootObject = 089C1669FE841209C02AAC07 /* Project object */;
}
